// !$*UTF8*$!
{
	archiveVersion = 1;
	classes = {
	};
	objectVersion = 50;
	objects = {

/* Begin PBXBuildFile section */
		CA0254562671D6C2002695D9 /* main.cpp in Sources */ = {isa = PBXBuildFile; fileRef = CA0254552671D6C2002695D9 /* main.cpp */; };
		CA0254D72671D6F8002695D9 /* libvtkhdf5-8.2.1.dylib in Frameworks */ = {isa = PBXBuildFile; fileRef = CA02545D2671D6F1002695D9 /* libvtkhdf5-8.2.1.dylib */; };
		CA0254D82671D6F8002695D9 /* libvtklzma-8.2.1.dylib in Frameworks */ = {isa = PBXBuildFile; fileRef = CA02545E2671D6F1002695D9 /* libvtklzma-8.2.1.dylib */; };
		CA0254D92671D6F8002695D9 /* libvtkFiltersCore-8.2.1.dylib in Frameworks */ = {isa = PBXBuildFile; fileRef = CA02545F2671D6F1002695D9 /* libvtkFiltersCore-8.2.1.dylib */; };
		CA0254DA2671D6F8002695D9 /* libvtkIOSQL-8.2.1.dylib in Frameworks */ = {isa = PBXBuildFile; fileRef = CA0254602671D6F1002695D9 /* libvtkIOSQL-8.2.1.dylib */; };
		CA0254DB2671D6F8002695D9 /* libvtkIOMovie-8.2.1.dylib in Frameworks */ = {isa = PBXBuildFile; fileRef = CA0254612671D6F1002695D9 /* libvtkIOMovie-8.2.1.dylib */; };
		CA0254DC2671D6F8002695D9 /* libvtkViewsCore-8.2.1.dylib in Frameworks */ = {isa = PBXBuildFile; fileRef = CA0254622671D6F1002695D9 /* libvtkViewsCore-8.2.1.dylib */; };
		CA0254DE2671D6F8002695D9 /* libvtkIOTecplotTable-8.2.1.dylib in Frameworks */ = {isa = PBXBuildFile; fileRef = CA0254642671D6F1002695D9 /* libvtkIOTecplotTable-8.2.1.dylib */; };
		CA0254DF2671D6F8002695D9 /* libvtkFiltersParallelImaging-8.2.1.dylib in Frameworks */ = {isa = PBXBuildFile; fileRef = CA0254652671D6F1002695D9 /* libvtkFiltersParallelImaging-8.2.1.dylib */; };
		CA0254E02671D6F8002695D9 /* libvtkIOAsynchronous-8.2.1.dylib in Frameworks */ = {isa = PBXBuildFile; fileRef = CA0254662671D6F1002695D9 /* libvtkIOAsynchronous-8.2.1.dylib */; };
		CA0254E12671D6F8002695D9 /* libvtkFiltersAMR-8.2.1.dylib in Frameworks */ = {isa = PBXBuildFile; fileRef = CA0254672671D6F1002695D9 /* libvtkFiltersAMR-8.2.1.dylib */; };
		CA0254E22671D6F8002695D9 /* libvtktiff-8.2.1.dylib in Frameworks */ = {isa = PBXBuildFile; fileRef = CA0254682671D6F1002695D9 /* libvtktiff-8.2.1.dylib */; };
		CA0254E32671D6F8002695D9 /* libvtkCommonColor-8.2.1.dylib in Frameworks */ = {isa = PBXBuildFile; fileRef = CA0254692671D6F1002695D9 /* libvtkCommonColor-8.2.1.dylib */; };
		CA0254E42671D6F8002695D9 /* libvtkImagingCore-8.2.1.dylib in Frameworks */ = {isa = PBXBuildFile; fileRef = CA02546A2671D6F1002695D9 /* libvtkImagingCore-8.2.1.dylib */; };
		CA0254E52671D6F8002695D9 /* libvtkInfovisCore-8.2.1.dylib in Frameworks */ = {isa = PBXBuildFile; fileRef = CA02546B2671D6F1002695D9 /* libvtkInfovisCore-8.2.1.dylib */; };
		CA0254E62671D6F8002695D9 /* libvtkIOCityGML-8.2.1.dylib in Frameworks */ = {isa = PBXBuildFile; fileRef = CA02546C2671D6F2002695D9 /* libvtkIOCityGML-8.2.1.dylib */; };
		CA0254E72671D6F8002695D9 /* libvtkIOXML-8.2.1.dylib in Frameworks */ = {isa = PBXBuildFile; fileRef = CA02546D2671D6F2002695D9 /* libvtkIOXML-8.2.1.dylib */; };
		CA0254E82671D6F8002695D9 /* libvtkCommonDataModel-8.2.1.dylib in Frameworks */ = {isa = PBXBuildFile; fileRef = CA02546E2671D6F2002695D9 /* libvtkCommonDataModel-8.2.1.dylib */; };
		CA0254E92671D6F8002695D9 /* libvtkdoubleconversion-8.2.1.dylib in Frameworks */ = {isa = PBXBuildFile; fileRef = CA02546F2671D6F2002695D9 /* libvtkdoubleconversion-8.2.1.dylib */; };
		CA0254EA2671D6F8002695D9 /* libvtkRenderingCore-8.2.1.dylib in Frameworks */ = {isa = PBXBuildFile; fileRef = CA0254702671D6F2002695D9 /* libvtkRenderingCore-8.2.1.dylib */; };
		CA0254EB2671D6F8002695D9 /* libvtkImagingHybrid-8.2.1.dylib in Frameworks */ = {isa = PBXBuildFile; fileRef = CA0254712671D6F2002695D9 /* libvtkImagingHybrid-8.2.1.dylib */; };
		CA0254EC2671D6F8002695D9 /* libvtksys-8.2.1.dylib in Frameworks */ = {isa = PBXBuildFile; fileRef = CA0254722671D6F2002695D9 /* libvtksys-8.2.1.dylib */; };
		CA0254ED2671D6F8002695D9 /* libvtkFiltersSources-8.2.1.dylib in Frameworks */ = {isa = PBXBuildFile; fileRef = CA0254732671D6F2002695D9 /* libvtkFiltersSources-8.2.1.dylib */; };
		CA0254EE2671D6F8002695D9 /* libvtkFiltersExtraction-8.2.1.dylib in Frameworks */ = {isa = PBXBuildFile; fileRef = CA0254742671D6F2002695D9 /* libvtkFiltersExtraction-8.2.1.dylib */; };
		CA0254EF2671D6F8002695D9 /* libvtkDomainsChemistry-8.2.1.dylib in Frameworks */ = {isa = PBXBuildFile; fileRef = CA0254752671D6F2002695D9 /* libvtkDomainsChemistry-8.2.1.dylib */; };
		CA0254F02671D6F8002695D9 /* libvtkexpat-8.2.1.dylib in Frameworks */ = {isa = PBXBuildFile; fileRef = CA0254762671D6F2002695D9 /* libvtkexpat-8.2.1.dylib */; };
		CA0254F12671D6F8002695D9 /* libvtklz4-8.2.1.dylib in Frameworks */ = {isa = PBXBuildFile; fileRef = CA0254772671D6F2002695D9 /* libvtklz4-8.2.1.dylib */; };
		CA0254F22671D6F8002695D9 /* libvtkCommonExecutionModel-8.2.1.dylib in Frameworks */ = {isa = PBXBuildFile; fileRef = CA0254782671D6F2002695D9 /* libvtkCommonExecutionModel-8.2.1.dylib */; };
		CA0254F32671D6F8002695D9 /* libvtkRenderingGL2PSOpenGL2-8.2.1.dylib in Frameworks */ = {isa = PBXBuildFile; fileRef = CA0254792671D6F2002695D9 /* libvtkRenderingGL2PSOpenGL2-8.2.1.dylib */; };
		CA0254F42671D6F8002695D9 /* libvtkDomainsChemistryOpenGL2-8.2.1.dylib in Frameworks */ = {isa = PBXBuildFile; fileRef = CA02547A2671D6F2002695D9 /* libvtkDomainsChemistryOpenGL2-8.2.1.dylib */; };
		CA0254F52671D6F8002695D9 /* libvtkRenderingAnnotation-8.2.1.dylib in Frameworks */ = {isa = PBXBuildFile; fileRef = CA02547B2671D6F2002695D9 /* libvtkRenderingAnnotation-8.2.1.dylib */; };
		CA0254F62671D6F8002695D9 /* libvtkRenderingOpenGL2-8.2.1.dylib in Frameworks */ = {isa = PBXBuildFile; fileRef = CA02547C2671D6F2002695D9 /* libvtkRenderingOpenGL2-8.2.1.dylib */; };
		CA0254F72671D6F8002695D9 /* libvtkViewsContext2D-8.2.1.dylib in Frameworks */ = {isa = PBXBuildFile; fileRef = CA02547D2671D6F2002695D9 /* libvtkViewsContext2D-8.2.1.dylib */; };
		CA0254F82671D6F8002695D9 /* libvtkRenderingVolume-8.2.1.dylib in Frameworks */ = {isa = PBXBuildFile; fileRef = CA02547E2671D6F2002695D9 /* libvtkRenderingVolume-8.2.1.dylib */; };
		CA0254F92671D6F8002695D9 /* libvtkFiltersTexture-8.2.1.dylib in Frameworks */ = {isa = PBXBuildFile; fileRef = CA02547F2671D6F3002695D9 /* libvtkFiltersTexture-8.2.1.dylib */; };
		CA0254FA2671D6F8002695D9 /* libvtkFiltersGeneric-8.2.1.dylib in Frameworks */ = {isa = PBXBuildFile; fileRef = CA0254802671D6F3002695D9 /* libvtkFiltersGeneric-8.2.1.dylib */; };
		CA0254FB2671D6F8002695D9 /* libvtkIOVideo-8.2.1.dylib in Frameworks */ = {isa = PBXBuildFile; fileRef = CA0254812671D6F3002695D9 /* libvtkIOVideo-8.2.1.dylib */; };
		CA0254FC2671D6F8002695D9 /* libvtkogg-8.2.1.dylib in Frameworks */ = {isa = PBXBuildFile; fileRef = CA0254822671D6F3002695D9 /* libvtkogg-8.2.1.dylib */; };
		CA0254FD2671D6F8002695D9 /* libvtkImagingStencil-8.2.1.dylib in Frameworks */ = {isa = PBXBuildFile; fileRef = CA0254832671D6F3002695D9 /* libvtkImagingStencil-8.2.1.dylib */; };
		CA0254FE2671D6F8002695D9 /* libvtkCommonSystem-8.2.1.dylib in Frameworks */ = {isa = PBXBuildFile; fileRef = CA0254842671D6F3002695D9 /* libvtkCommonSystem-8.2.1.dylib */; };
		CA0254FF2671D6F8002695D9 /* libvtkDICOMParser-8.2.1.dylib in Frameworks */ = {isa = PBXBuildFile; fileRef = CA0254852671D6F3002695D9 /* libvtkDICOMParser-8.2.1.dylib */; };
		CA0255002671D6F8002695D9 /* libvtkFiltersStatistics-8.2.1.dylib in Frameworks */ = {isa = PBXBuildFile; fileRef = CA0254862671D6F3002695D9 /* libvtkFiltersStatistics-8.2.1.dylib */; };
		CA0255012671D6F8002695D9 /* libvtkFiltersFlowPaths-8.2.1.dylib in Frameworks */ = {isa = PBXBuildFile; fileRef = CA0254872671D6F3002695D9 /* libvtkFiltersFlowPaths-8.2.1.dylib */; };
		CA0255022671D6F8002695D9 /* libvtkIOLegacy-8.2.1.dylib in Frameworks */ = {isa = PBXBuildFile; fileRef = CA0254882671D6F3002695D9 /* libvtkIOLegacy-8.2.1.dylib */; };
		CA0255032671D6F8002695D9 /* libvtkIOMINC-8.2.1.dylib in Frameworks */ = {isa = PBXBuildFile; fileRef = CA0254892671D6F3002695D9 /* libvtkIOMINC-8.2.1.dylib */; };
		CA0255042671D6F8002695D9 /* libvtkFiltersHyperTree-8.2.1.dylib in Frameworks */ = {isa = PBXBuildFile; fileRef = CA02548A2671D6F3002695D9 /* libvtkFiltersHyperTree-8.2.1.dylib */; };
		CA0255052671D6F8002695D9 /* libvtkIOInfovis-8.2.1.dylib in Frameworks */ = {isa = PBXBuildFile; fileRef = CA02548B2671D6F3002695D9 /* libvtkIOInfovis-8.2.1.dylib */; };
		CA0255062671D6F8002695D9 /* libvtkFiltersPoints-8.2.1.dylib in Frameworks */ = {isa = PBXBuildFile; fileRef = CA02548C2671D6F3002695D9 /* libvtkFiltersPoints-8.2.1.dylib */; };
		CA0255072671D6F8002695D9 /* libvtkImagingMath-8.2.1.dylib in Frameworks */ = {isa = PBXBuildFile; fileRef = CA02548D2671D6F3002695D9 /* libvtkImagingMath-8.2.1.dylib */; };
		CA0255082671D6F8002695D9 /* libvtkjpeg-8.2.1.dylib in Frameworks */ = {isa = PBXBuildFile; fileRef = CA02548E2671D6F3002695D9 /* libvtkjpeg-8.2.1.dylib */; };
		CA0255092671D6F8002695D9 /* libvtkCommonTransforms-8.2.1.dylib in Frameworks */ = {isa = PBXBuildFile; fileRef = CA02548F2671D6F3002695D9 /* libvtkCommonTransforms-8.2.1.dylib */; };
		CA02550A2671D6F8002695D9 /* libvtkFiltersHybrid-8.2.1.dylib in Frameworks */ = {isa = PBXBuildFile; fileRef = CA0254902671D6F3002695D9 /* libvtkFiltersHybrid-8.2.1.dylib */; };
		CA02550B2671D6F8002695D9 /* libvtkIOCore-8.2.1.dylib in Frameworks */ = {isa = PBXBuildFile; fileRef = CA0254912671D6F4002695D9 /* libvtkIOCore-8.2.1.dylib */; };
		CA02550C2671D6F8002695D9 /* libvtkGeovisCore-8.2.1.dylib in Frameworks */ = {isa = PBXBuildFile; fileRef = CA0254922671D6F4002695D9 /* libvtkGeovisCore-8.2.1.dylib */; };
		CA02550D2671D6F8002695D9 /* libvtkIOPLY-8.2.1.dylib in Frameworks */ = {isa = PBXBuildFile; fileRef = CA0254932671D6F4002695D9 /* libvtkIOPLY-8.2.1.dylib */; };
		CA02550E2671D6F8002695D9 /* libvtkIOLSDyna-8.2.1.dylib in Frameworks */ = {isa = PBXBuildFile; fileRef = CA0254942671D6F4002695D9 /* libvtkIOLSDyna-8.2.1.dylib */; };
		CA02550F2671D6F8002695D9 /* libvtkIOAMR-8.2.1.dylib in Frameworks */ = {isa = PBXBuildFile; fileRef = CA0254952671D6F4002695D9 /* libvtkIOAMR-8.2.1.dylib */; };
		CA0255102671D6F8002695D9 /* libvtkFiltersSelection-8.2.1.dylib in Frameworks */ = {isa = PBXBuildFile; fileRef = CA0254962671D6F4002695D9 /* libvtkFiltersSelection-8.2.1.dylib */; };
		CA0255112671D6F8002695D9 /* libvtklibxml2-8.2.1.dylib in Frameworks */ = {isa = PBXBuildFile; fileRef = CA0254972671D6F4002695D9 /* libvtklibxml2-8.2.1.dylib */; };
		CA0255122671D6F8002695D9 /* libvtkIOExport-8.2.1.dylib in Frameworks */ = {isa = PBXBuildFile; fileRef = CA0254982671D6F4002695D9 /* libvtkIOExport-8.2.1.dylib */; };
		CA0255132671D6F8002695D9 /* libvtkInteractionStyle-8.2.1.dylib in Frameworks */ = {isa = PBXBuildFile; fileRef = CA0254992671D6F4002695D9 /* libvtkInteractionStyle-8.2.1.dylib */; };
		CA0255142671D6F8002695D9 /* libvtkChartsCore-8.2.1.dylib in Frameworks */ = {isa = PBXBuildFile; fileRef = CA02549A2671D6F4002695D9 /* libvtkChartsCore-8.2.1.dylib */; };
		CA0255152671D6F8002695D9 /* libvtkFiltersProgrammable-8.2.1.dylib in Frameworks */ = {isa = PBXBuildFile; fileRef = CA02549B2671D6F4002695D9 /* libvtkFiltersProgrammable-8.2.1.dylib */; };
		CA0255162671D6F8002695D9 /* libvtkIOVeraOut-8.2.1.dylib in Frameworks */ = {isa = PBXBuildFile; fileRef = CA02549C2671D6F4002695D9 /* libvtkIOVeraOut-8.2.1.dylib */; };
		CA0255172671D6F8002695D9 /* libvtklibharu-8.2.1.dylib in Frameworks */ = {isa = PBXBuildFile; fileRef = CA02549D2671D6F4002695D9 /* libvtklibharu-8.2.1.dylib */; };
		CA0255182671D6F8002695D9 /* libvtkImagingSources-8.2.1.dylib in Frameworks */ = {isa = PBXBuildFile; fileRef = CA02549E2671D6F4002695D9 /* libvtkImagingSources-8.2.1.dylib */; };
		CA0255192671D6F8002695D9 /* libvtkImagingGeneral-8.2.1.dylib in Frameworks */ = {isa = PBXBuildFile; fileRef = CA02549F2671D6F4002695D9 /* libvtkImagingGeneral-8.2.1.dylib */; };
		CA02551A2671D6F8002695D9 /* libvtkfreetype-8.2.1.dylib in Frameworks */ = {isa = PBXBuildFile; fileRef = CA0254A02671D6F4002695D9 /* libvtkfreetype-8.2.1.dylib */; };
		CA02551B2671D6F8002695D9 /* libvtkFiltersParallel-8.2.1.dylib in Frameworks */ = {isa = PBXBuildFile; fileRef = CA0254A12671D6F4002695D9 /* libvtkFiltersParallel-8.2.1.dylib */; };
		CA02551C2671D6F8002695D9 /* libvtkpugixml-8.2.1.dylib in Frameworks */ = {isa = PBXBuildFile; fileRef = CA0254A22671D6F4002695D9 /* libvtkpugixml-8.2.1.dylib */; };
		CA02551D2671D6F8002695D9 /* libvtkNetCDF-8.2.1.dylib in Frameworks */ = {isa = PBXBuildFile; fileRef = CA0254A32671D6F4002695D9 /* libvtkNetCDF-8.2.1.dylib */; };
		CA02551E2671D6F8002695D9 /* libvtktheora-8.2.1.dylib in Frameworks */ = {isa = PBXBuildFile; fileRef = CA0254A42671D6F4002695D9 /* libvtktheora-8.2.1.dylib */; };
		CA02551F2671D6F8002695D9 /* libvtkFiltersGeometry-8.2.1.dylib in Frameworks */ = {isa = PBXBuildFile; fileRef = CA0254A52671D6F5002695D9 /* libvtkFiltersGeometry-8.2.1.dylib */; };
		CA0255202671D6F8002695D9 /* libvtkCommonComputationalGeometry-8.2.1.dylib in Frameworks */ = {isa = PBXBuildFile; fileRef = CA0254A62671D6F5002695D9 /* libvtkCommonComputationalGeometry-8.2.1.dylib */; };
		CA0255212671D6F8002695D9 /* libvtkImagingStatistics-8.2.1.dylib in Frameworks */ = {isa = PBXBuildFile; fileRef = CA0254A72671D6F5002695D9 /* libvtkImagingStatistics-8.2.1.dylib */; };
		CA0255222671D6F8002695D9 /* libvtkIOExportPDF-8.2.1.dylib in Frameworks */ = {isa = PBXBuildFile; fileRef = CA0254A82671D6F5002695D9 /* libvtkIOExportPDF-8.2.1.dylib */; };
		CA0255232671D6F8002695D9 /* libvtkRenderingFreeType-8.2.1.dylib in Frameworks */ = {isa = PBXBuildFile; fileRef = CA0254A92671D6F5002695D9 /* libvtkRenderingFreeType-8.2.1.dylib */; };
		CA0255242671D6F8002695D9 /* libvtkIOParallelXML-8.2.1.dylib in Frameworks */ = {isa = PBXBuildFile; fileRef = CA0254AA2671D6F5002695D9 /* libvtkIOParallelXML-8.2.1.dylib */; };
		CA0255252671D6F8002695D9 /* libvtkCommonMath-8.2.1.dylib in Frameworks */ = {isa = PBXBuildFile; fileRef = CA0254AB2671D6F5002695D9 /* libvtkCommonMath-8.2.1.dylib */; };
		CA0255262671D6F8002695D9 /* libvtkRenderingContextOpenGL2-8.2.1.dylib in Frameworks */ = {isa = PBXBuildFile; fileRef = CA0254AC2671D6F5002695D9 /* libvtkRenderingContextOpenGL2-8.2.1.dylib */; };
		CA0255272671D6F8002695D9 /* libvtkRenderingVolumeOpenGL2-8.2.1.dylib in Frameworks */ = {isa = PBXBuildFile; fileRef = CA0254AD2671D6F5002695D9 /* libvtkRenderingVolumeOpenGL2-8.2.1.dylib */; };
		CA0255282671D6F8002695D9 /* libvtkParallelCore-8.2.1.dylib in Frameworks */ = {isa = PBXBuildFile; fileRef = CA0254AE2671D6F5002695D9 /* libvtkParallelCore-8.2.1.dylib */; };
		CA0255292671D6F8002695D9 /* libvtkImagingColor-8.2.1.dylib in Frameworks */ = {isa = PBXBuildFile; fileRef = CA0254AF2671D6F5002695D9 /* libvtkImagingColor-8.2.1.dylib */; };
		CA02552A2671D6F8002695D9 /* libvtkIOImage-8.2.1.dylib in Frameworks */ = {isa = PBXBuildFile; fileRef = CA0254B02671D6F5002695D9 /* libvtkIOImage-8.2.1.dylib */; };
		CA02552B2671D6F8002695D9 /* libvtkFiltersGeneral-8.2.1.dylib in Frameworks */ = {isa = PBXBuildFile; fileRef = CA0254B12671D6F5002695D9 /* libvtkFiltersGeneral-8.2.1.dylib */; };
		CA02552C2671D6F8002695D9 /* libvtkverdict-8.2.1.dylib in Frameworks */ = {isa = PBXBuildFile; fileRef = CA0254B22671D6F5002695D9 /* libvtkverdict-8.2.1.dylib */; };
		CA02552D2671D6F9002695D9 /* libvtkIOSegY-8.2.1.dylib in Frameworks */ = {isa = PBXBuildFile; fileRef = CA0254B32671D6F5002695D9 /* libvtkIOSegY-8.2.1.dylib */; };
		CA02552E2671D6F9002695D9 /* libvtkImagingFourier-8.2.1.dylib in Frameworks */ = {isa = PBXBuildFile; fileRef = CA0254B42671D6F5002695D9 /* libvtkImagingFourier-8.2.1.dylib */; };
		CA02552F2671D6F9002695D9 /* libvtkIOEnSight-8.2.1.dylib in Frameworks */ = {isa = PBXBuildFile; fileRef = CA0254B52671D6F6002695D9 /* libvtkIOEnSight-8.2.1.dylib */; };
		CA0255302671D6F9002695D9 /* libvtkhdf5_hl-8.2.1.dylib in Frameworks */ = {isa = PBXBuildFile; fileRef = CA0254B62671D6F6002695D9 /* libvtkhdf5_hl-8.2.1.dylib */; };
		CA0255312671D6F9002695D9 /* libvtkgl2ps-8.2.1.dylib in Frameworks */ = {isa = PBXBuildFile; fileRef = CA0254B72671D6F6002695D9 /* libvtkgl2ps-8.2.1.dylib */; };
		CA0255322671D6F9002695D9 /* libvtkIOImport-8.2.1.dylib in Frameworks */ = {isa = PBXBuildFile; fileRef = CA0254B82671D6F6002695D9 /* libvtkIOImport-8.2.1.dylib */; };
		CA0255332671D6F9002695D9 /* libvtkpng-8.2.1.dylib in Frameworks */ = {isa = PBXBuildFile; fileRef = CA0254B92671D6F6002695D9 /* libvtkpng-8.2.1.dylib */; };
		CA0255342671D6F9002695D9 /* libvtkFiltersSMP-8.2.1.dylib in Frameworks */ = {isa = PBXBuildFile; fileRef = CA0254BA2671D6F6002695D9 /* libvtkFiltersSMP-8.2.1.dylib */; };
		CA0255352671D6F9002695D9 /* libvtkRenderingImage-8.2.1.dylib in Frameworks */ = {isa = PBXBuildFile; fileRef = CA0254BB2671D6F6002695D9 /* libvtkRenderingImage-8.2.1.dylib */; };
		CA0255362671D6F9002695D9 /* libvtkRenderingLabel-8.2.1.dylib in Frameworks */ = {isa = PBXBuildFile; fileRef = CA0254BC2671D6F6002695D9 /* libvtkRenderingLabel-8.2.1.dylib */; };
		CA0255372671D6F9002695D9 /* libvtkRenderingLOD-8.2.1.dylib in Frameworks */ = {isa = PBXBuildFile; fileRef = CA0254BD2671D6F6002695D9 /* libvtkRenderingLOD-8.2.1.dylib */; };
		CA0255382671D6F9002695D9 /* libvtkImagingMorphological-8.2.1.dylib in Frameworks */ = {isa = PBXBuildFile; fileRef = CA0254BE2671D6F6002695D9 /* libvtkImagingMorphological-8.2.1.dylib */; };
		CA0255392671D6F9002695D9 /* libvtkInfovisLayout-8.2.1.dylib in Frameworks */ = {isa = PBXBuildFile; fileRef = CA0254BF2671D6F6002695D9 /* libvtkInfovisLayout-8.2.1.dylib */; };
		CA02553A2671D6F9002695D9 /* libvtkIOParallel-8.2.1.dylib in Frameworks */ = {isa = PBXBuildFile; fileRef = CA0254C02671D6F6002695D9 /* libvtkIOParallel-8.2.1.dylib */; };
		CA02553B2671D6F9002695D9 /* libvtkCommonMisc-8.2.1.dylib in Frameworks */ = {isa = PBXBuildFile; fileRef = CA0254C12671D6F6002695D9 /* libvtkCommonMisc-8.2.1.dylib */; };
		CA02553C2671D6F9002695D9 /* libvtkIOExodus-8.2.1.dylib in Frameworks */ = {isa = PBXBuildFile; fileRef = CA0254C22671D6F6002695D9 /* libvtkIOExodus-8.2.1.dylib */; };
		CA02553D2671D6F9002695D9 /* libvtkInteractionWidgets-8.2.1.dylib in Frameworks */ = {isa = PBXBuildFile; fileRef = CA0254C32671D6F7002695D9 /* libvtkInteractionWidgets-8.2.1.dylib */; };
		CA02553E2671D6F9002695D9 /* libvtkInteractionImage-8.2.1.dylib in Frameworks */ = {isa = PBXBuildFile; fileRef = CA0254C42671D6F7002695D9 /* libvtkInteractionImage-8.2.1.dylib */; };
		CA02553F2671D6F9002695D9 /* libvtkexodusII-8.2.1.dylib in Frameworks */ = {isa = PBXBuildFile; fileRef = CA0254C52671D6F7002695D9 /* libvtkexodusII-8.2.1.dylib */; };
		CA0255402671D6F9002695D9 /* libvtkIONetCDF-8.2.1.dylib in Frameworks */ = {isa = PBXBuildFile; fileRef = CA0254C62671D6F7002695D9 /* libvtkIONetCDF-8.2.1.dylib */; };
		CA0255412671D6F9002695D9 /* libvtkjsoncpp-8.2.1.dylib in Frameworks */ = {isa = PBXBuildFile; fileRef = CA0254C72671D6F7002695D9 /* libvtkjsoncpp-8.2.1.dylib */; };
		CA0255422671D6F9002695D9 /* libvtkIOXMLParser-8.2.1.dylib in Frameworks */ = {isa = PBXBuildFile; fileRef = CA0254C82671D6F7002695D9 /* libvtkIOXMLParser-8.2.1.dylib */; };
		CA0255432671D6F9002695D9 /* libvtkCommonCore-8.2.1.dylib in Frameworks */ = {isa = PBXBuildFile; fileRef = CA0254C92671D6F7002695D9 /* libvtkCommonCore-8.2.1.dylib */; };
		CA0255442671D6F9002695D9 /* libvtkglew-8.2.1.dylib in Frameworks */ = {isa = PBXBuildFile; fileRef = CA0254CA2671D6F7002695D9 /* libvtkglew-8.2.1.dylib */; };
		CA0255452671D6F9002695D9 /* libvtkFiltersVerdict-8.2.1.dylib in Frameworks */ = {isa = PBXBuildFile; fileRef = CA0254CB2671D6F7002695D9 /* libvtkFiltersVerdict-8.2.1.dylib */; };
		CA0255462671D6F9002695D9 /* libvtkproj-8.2.1.dylib in Frameworks */ = {isa = PBXBuildFile; fileRef = CA0254CC2671D6F7002695D9 /* libvtkproj-8.2.1.dylib */; };
		CA0255472671D6F9002695D9 /* libvtkzlib-8.2.1.dylib in Frameworks */ = {isa = PBXBuildFile; fileRef = CA0254CD2671D6F7002695D9 /* libvtkzlib-8.2.1.dylib */; };
		CA0255482671D6F9002695D9 /* libvtkFiltersImaging-8.2.1.dylib in Frameworks */ = {isa = PBXBuildFile; fileRef = CA0254CE2671D6F7002695D9 /* libvtkFiltersImaging-8.2.1.dylib */; };
		CA0255492671D6F9002695D9 /* libvtkIOGeometry-8.2.1.dylib in Frameworks */ = {isa = PBXBuildFile; fileRef = CA0254CF2671D6F7002695D9 /* libvtkIOGeometry-8.2.1.dylib */; };
		CA02554A2671D6F9002695D9 /* libvtkIOExportOpenGL2-8.2.1.dylib in Frameworks */ = {isa = PBXBuildFile; fileRef = CA0254D02671D6F7002695D9 /* libvtkIOExportOpenGL2-8.2.1.dylib */; };
		CA02554B2671D6F9002695D9 /* libvtkmetaio-8.2.1.dylib in Frameworks */ = {isa = PBXBuildFile; fileRef = CA0254D12671D6F7002695D9 /* libvtkmetaio-8.2.1.dylib */; };
		CA02554C2671D6F9002695D9 /* libvtkRenderingContext2D-8.2.1.dylib in Frameworks */ = {isa = PBXBuildFile; fileRef = CA0254D22671D6F7002695D9 /* libvtkRenderingContext2D-8.2.1.dylib */; };
		CA02554D2671D6F9002695D9 /* libvtksqlite-8.2.1.dylib in Frameworks */ = {isa = PBXBuildFile; fileRef = CA0254D32671D6F7002695D9 /* libvtksqlite-8.2.1.dylib */; };
		CA02554E2671D6F9002695D9 /* libvtkFiltersTopology-8.2.1.dylib in Frameworks */ = {isa = PBXBuildFile; fileRef = CA0254D42671D6F8002695D9 /* libvtkFiltersTopology-8.2.1.dylib */; };
		CA02554F2671D6F9002695D9 /* libvtkViewsInfovis-8.2.1.dylib in Frameworks */ = {isa = PBXBuildFile; fileRef = CA0254D52671D6F8002695D9 /* libvtkViewsInfovis-8.2.1.dylib */; };
		CA0255502671D6F9002695D9 /* libvtkFiltersModeling-8.2.1.dylib in Frameworks */ = {isa = PBXBuildFile; fileRef = CA0254D62671D6F8002695D9 /* libvtkFiltersModeling-8.2.1.dylib */; };
		CA0255522671DF18002695D9 /* OpenGL.framework in Frameworks */ = {isa = PBXBuildFile; fileRef = CA0255512671DF18002695D9 /* OpenGL.framework */; };
		CA0255542671E74A002695D9 /* Cocoa.framework in Frameworks */ = {isa = PBXBuildFile; fileRef = CA0255532671E74A002695D9 /* Cocoa.framework */; };
		CA0255562671E75C002695D9 /* IOKit.framework in Frameworks */ = {isa = PBXBuildFile; fileRef = CA0255552671E75C002695D9 /* IOKit.framework */; };
/* End PBXBuildFile section */

/* Begin PBXCopyFilesBuildPhase section */
		CA0254502671D6C2002695D9 /* Copy Files */ = {
			isa = PBXCopyFilesBuildPhase;
			buildActionMask = 2147483647;
			dstPath = /usr/share/man/man1/;
			dstSubfolderSpec = 0;
			files = (
			);
			name = "Copy Files";
			runOnlyForDeploymentPostprocessing = 1;
		};
/* End PBXCopyFilesBuildPhase section */

/* Begin PBXFileReference section */
		CA0254522671D6C2002695D9 /* 123 */ = {isa = PBXFileReference; explicitFileType = "compiled.mach-o.executable"; includeInIndex = 0; path = 123; sourceTree = BUILT_PRODUCTS_DIR; };
		CA0254552671D6C2002695D9 /* main.cpp */ = {isa = PBXFileReference; lastKnownFileType = sourcecode.cpp.cpp; path = main.cpp; sourceTree = "<group>"; };
		CA02545D2671D6F1002695D9 /* libvtkhdf5-8.2.1.dylib */ = {isa = PBXFileReference; lastKnownFileType = "compiled.mach-o.dylib"; name = "libvtkhdf5-8.2.1.dylib"; path = "../../../Downloads/VTK-8.2.0-build/Build/lib/libvtkhdf5-8.2.1.dylib"; sourceTree = "<group>"; };
		CA02545E2671D6F1002695D9 /* libvtklzma-8.2.1.dylib */ = {isa = PBXFileReference; lastKnownFileType = "compiled.mach-o.dylib"; name = "libvtklzma-8.2.1.dylib"; path = "../../../Downloads/VTK-8.2.0-build/Build/lib/libvtklzma-8.2.1.dylib"; sourceTree = "<group>"; };
		CA02545F2671D6F1002695D9 /* libvtkFiltersCore-8.2.1.dylib */ = {isa = PBXFileReference; lastKnownFileType = "compiled.mach-o.dylib"; name = "libvtkFiltersCore-8.2.1.dylib"; path = "../../../Downloads/VTK-8.2.0-build/Build/lib/libvtkFiltersCore-8.2.1.dylib"; sourceTree = "<group>"; };
		CA0254602671D6F1002695D9 /* libvtkIOSQL-8.2.1.dylib */ = {isa = PBXFileReference; lastKnownFileType = "compiled.mach-o.dylib"; name = "libvtkIOSQL-8.2.1.dylib"; path = "../../../Downloads/VTK-8.2.0-build/Build/lib/libvtkIOSQL-8.2.1.dylib"; sourceTree = "<group>"; };
		CA0254612671D6F1002695D9 /* libvtkIOMovie-8.2.1.dylib */ = {isa = PBXFileReference; lastKnownFileType = "compiled.mach-o.dylib"; name = "libvtkIOMovie-8.2.1.dylib"; path = "../../../Downloads/VTK-8.2.0-build/Build/lib/libvtkIOMovie-8.2.1.dylib"; sourceTree = "<group>"; };
		CA0254622671D6F1002695D9 /* libvtkViewsCore-8.2.1.dylib */ = {isa = PBXFileReference; lastKnownFileType = "compiled.mach-o.dylib"; name = "libvtkViewsCore-8.2.1.dylib"; path = "../../../Downloads/VTK-8.2.0-build/Build/lib/libvtkViewsCore-8.2.1.dylib"; sourceTree = "<group>"; };
		CA0254632671D6F1002695D9 /* cmake */ = {isa = PBXFileReference; lastKnownFileType = folder; name = cmake; path = "../../../Downloads/VTK-8.2.0-build/Build/lib/cmake"; sourceTree = "<group>"; };
		CA0254642671D6F1002695D9 /* libvtkIOTecplotTable-8.2.1.dylib */ = {isa = PBXFileReference; lastKnownFileType = "compiled.mach-o.dylib"; name = "libvtkIOTecplotTable-8.2.1.dylib"; path = "../../../Downloads/VTK-8.2.0-build/Build/lib/libvtkIOTecplotTable-8.2.1.dylib"; sourceTree = "<group>"; };
		CA0254652671D6F1002695D9 /* libvtkFiltersParallelImaging-8.2.1.dylib */ = {isa = PBXFileReference; lastKnownFileType = "compiled.mach-o.dylib"; name = "libvtkFiltersParallelImaging-8.2.1.dylib"; path = "../../../Downloads/VTK-8.2.0-build/Build/lib/libvtkFiltersParallelImaging-8.2.1.dylib"; sourceTree = "<group>"; };
		CA0254662671D6F1002695D9 /* libvtkIOAsynchronous-8.2.1.dylib */ = {isa = PBXFileReference; lastKnownFileType = "compiled.mach-o.dylib"; name = "libvtkIOAsynchronous-8.2.1.dylib"; path = "../../../Downloads/VTK-8.2.0-build/Build/lib/libvtkIOAsynchronous-8.2.1.dylib"; sourceTree = "<group>"; };
		CA0254672671D6F1002695D9 /* libvtkFiltersAMR-8.2.1.dylib */ = {isa = PBXFileReference; lastKnownFileType = "compiled.mach-o.dylib"; name = "libvtkFiltersAMR-8.2.1.dylib"; path = "../../../Downloads/VTK-8.2.0-build/Build/lib/libvtkFiltersAMR-8.2.1.dylib"; sourceTree = "<group>"; };
		CA0254682671D6F1002695D9 /* libvtktiff-8.2.1.dylib */ = {isa = PBXFileReference; lastKnownFileType = "compiled.mach-o.dylib"; name = "libvtktiff-8.2.1.dylib"; path = "../../../Downloads/VTK-8.2.0-build/Build/lib/libvtktiff-8.2.1.dylib"; sourceTree = "<group>"; };
		CA0254692671D6F1002695D9 /* libvtkCommonColor-8.2.1.dylib */ = {isa = PBXFileReference; lastKnownFileType = "compiled.mach-o.dylib"; name = "libvtkCommonColor-8.2.1.dylib"; path = "../../../Downloads/VTK-8.2.0-build/Build/lib/libvtkCommonColor-8.2.1.dylib"; sourceTree = "<group>"; };
		CA02546A2671D6F1002695D9 /* libvtkImagingCore-8.2.1.dylib */ = {isa = PBXFileReference; lastKnownFileType = "compiled.mach-o.dylib"; name = "libvtkImagingCore-8.2.1.dylib"; path = "../../../Downloads/VTK-8.2.0-build/Build/lib/libvtkImagingCore-8.2.1.dylib"; sourceTree = "<group>"; };
		CA02546B2671D6F1002695D9 /* libvtkInfovisCore-8.2.1.dylib */ = {isa = PBXFileReference; lastKnownFileType = "compiled.mach-o.dylib"; name = "libvtkInfovisCore-8.2.1.dylib"; path = "../../../Downloads/VTK-8.2.0-build/Build/lib/libvtkInfovisCore-8.2.1.dylib"; sourceTree = "<group>"; };
		CA02546C2671D6F2002695D9 /* libvtkIOCityGML-8.2.1.dylib */ = {isa = PBXFileReference; lastKnownFileType = "compiled.mach-o.dylib"; name = "libvtkIOCityGML-8.2.1.dylib"; path = "../../../Downloads/VTK-8.2.0-build/Build/lib/libvtkIOCityGML-8.2.1.dylib"; sourceTree = "<group>"; };
		CA02546D2671D6F2002695D9 /* libvtkIOXML-8.2.1.dylib */ = {isa = PBXFileReference; lastKnownFileType = "compiled.mach-o.dylib"; name = "libvtkIOXML-8.2.1.dylib"; path = "../../../Downloads/VTK-8.2.0-build/Build/lib/libvtkIOXML-8.2.1.dylib"; sourceTree = "<group>"; };
		CA02546E2671D6F2002695D9 /* libvtkCommonDataModel-8.2.1.dylib */ = {isa = PBXFileReference; lastKnownFileType = "compiled.mach-o.dylib"; name = "libvtkCommonDataModel-8.2.1.dylib"; path = "../../../Downloads/VTK-8.2.0-build/Build/lib/libvtkCommonDataModel-8.2.1.dylib"; sourceTree = "<group>"; };
		CA02546F2671D6F2002695D9 /* libvtkdoubleconversion-8.2.1.dylib */ = {isa = PBXFileReference; lastKnownFileType = "compiled.mach-o.dylib"; name = "libvtkdoubleconversion-8.2.1.dylib"; path = "../../../Downloads/VTK-8.2.0-build/Build/lib/libvtkdoubleconversion-8.2.1.dylib"; sourceTree = "<group>"; };
		CA0254702671D6F2002695D9 /* libvtkRenderingCore-8.2.1.dylib */ = {isa = PBXFileReference; lastKnownFileType = "compiled.mach-o.dylib"; name = "libvtkRenderingCore-8.2.1.dylib"; path = "../../../Downloads/VTK-8.2.0-build/Build/lib/libvtkRenderingCore-8.2.1.dylib"; sourceTree = "<group>"; };
		CA0254712671D6F2002695D9 /* libvtkImagingHybrid-8.2.1.dylib */ = {isa = PBXFileReference; lastKnownFileType = "compiled.mach-o.dylib"; name = "libvtkImagingHybrid-8.2.1.dylib"; path = "../../../Downloads/VTK-8.2.0-build/Build/lib/libvtkImagingHybrid-8.2.1.dylib"; sourceTree = "<group>"; };
		CA0254722671D6F2002695D9 /* libvtksys-8.2.1.dylib */ = {isa = PBXFileReference; lastKnownFileType = "compiled.mach-o.dylib"; name = "libvtksys-8.2.1.dylib"; path = "../../../Downloads/VTK-8.2.0-build/Build/lib/libvtksys-8.2.1.dylib"; sourceTree = "<group>"; };
		CA0254732671D6F2002695D9 /* libvtkFiltersSources-8.2.1.dylib */ = {isa = PBXFileReference; lastKnownFileType = "compiled.mach-o.dylib"; name = "libvtkFiltersSources-8.2.1.dylib"; path = "../../../Downloads/VTK-8.2.0-build/Build/lib/libvtkFiltersSources-8.2.1.dylib"; sourceTree = "<group>"; };
		CA0254742671D6F2002695D9 /* libvtkFiltersExtraction-8.2.1.dylib */ = {isa = PBXFileReference; lastKnownFileType = "compiled.mach-o.dylib"; name = "libvtkFiltersExtraction-8.2.1.dylib"; path = "../../../Downloads/VTK-8.2.0-build/Build/lib/libvtkFiltersExtraction-8.2.1.dylib"; sourceTree = "<group>"; };
		CA0254752671D6F2002695D9 /* libvtkDomainsChemistry-8.2.1.dylib */ = {isa = PBXFileReference; lastKnownFileType = "compiled.mach-o.dylib"; name = "libvtkDomainsChemistry-8.2.1.dylib"; path = "../../../Downloads/VTK-8.2.0-build/Build/lib/libvtkDomainsChemistry-8.2.1.dylib"; sourceTree = "<group>"; };
		CA0254762671D6F2002695D9 /* libvtkexpat-8.2.1.dylib */ = {isa = PBXFileReference; lastKnownFileType = "compiled.mach-o.dylib"; name = "libvtkexpat-8.2.1.dylib"; path = "../../../Downloads/VTK-8.2.0-build/Build/lib/libvtkexpat-8.2.1.dylib"; sourceTree = "<group>"; };
		CA0254772671D6F2002695D9 /* libvtklz4-8.2.1.dylib */ = {isa = PBXFileReference; lastKnownFileType = "compiled.mach-o.dylib"; name = "libvtklz4-8.2.1.dylib"; path = "../../../Downloads/VTK-8.2.0-build/Build/lib/libvtklz4-8.2.1.dylib"; sourceTree = "<group>"; };
		CA0254782671D6F2002695D9 /* libvtkCommonExecutionModel-8.2.1.dylib */ = {isa = PBXFileReference; lastKnownFileType = "compiled.mach-o.dylib"; name = "libvtkCommonExecutionModel-8.2.1.dylib"; path = "../../../Downloads/VTK-8.2.0-build/Build/lib/libvtkCommonExecutionModel-8.2.1.dylib"; sourceTree = "<group>"; };
		CA0254792671D6F2002695D9 /* libvtkRenderingGL2PSOpenGL2-8.2.1.dylib */ = {isa = PBXFileReference; lastKnownFileType = "compiled.mach-o.dylib"; name = "libvtkRenderingGL2PSOpenGL2-8.2.1.dylib"; path = "../../../Downloads/VTK-8.2.0-build/Build/lib/libvtkRenderingGL2PSOpenGL2-8.2.1.dylib"; sourceTree = "<group>"; };
		CA02547A2671D6F2002695D9 /* libvtkDomainsChemistryOpenGL2-8.2.1.dylib */ = {isa = PBXFileReference; lastKnownFileType = "compiled.mach-o.dylib"; name = "libvtkDomainsChemistryOpenGL2-8.2.1.dylib"; path = "../../../Downloads/VTK-8.2.0-build/Build/lib/libvtkDomainsChemistryOpenGL2-8.2.1.dylib"; sourceTree = "<group>"; };
		CA02547B2671D6F2002695D9 /* libvtkRenderingAnnotation-8.2.1.dylib */ = {isa = PBXFileReference; lastKnownFileType = "compiled.mach-o.dylib"; name = "libvtkRenderingAnnotation-8.2.1.dylib"; path = "../../../Downloads/VTK-8.2.0-build/Build/lib/libvtkRenderingAnnotation-8.2.1.dylib"; sourceTree = "<group>"; };
		CA02547C2671D6F2002695D9 /* libvtkRenderingOpenGL2-8.2.1.dylib */ = {isa = PBXFileReference; lastKnownFileType = "compiled.mach-o.dylib"; name = "libvtkRenderingOpenGL2-8.2.1.dylib"; path = "../../../Downloads/VTK-8.2.0-build/Build/lib/libvtkRenderingOpenGL2-8.2.1.dylib"; sourceTree = "<group>"; };
		CA02547D2671D6F2002695D9 /* libvtkViewsContext2D-8.2.1.dylib */ = {isa = PBXFileReference; lastKnownFileType = "compiled.mach-o.dylib"; name = "libvtkViewsContext2D-8.2.1.dylib"; path = "../../../Downloads/VTK-8.2.0-build/Build/lib/libvtkViewsContext2D-8.2.1.dylib"; sourceTree = "<group>"; };
		CA02547E2671D6F2002695D9 /* libvtkRenderingVolume-8.2.1.dylib */ = {isa = PBXFileReference; lastKnownFileType = "compiled.mach-o.dylib"; name = "libvtkRenderingVolume-8.2.1.dylib"; path = "../../../Downloads/VTK-8.2.0-build/Build/lib/libvtkRenderingVolume-8.2.1.dylib"; sourceTree = "<group>"; };
		CA02547F2671D6F3002695D9 /* libvtkFiltersTexture-8.2.1.dylib */ = {isa = PBXFileReference; lastKnownFileType = "compiled.mach-o.dylib"; name = "libvtkFiltersTexture-8.2.1.dylib"; path = "../../../Downloads/VTK-8.2.0-build/Build/lib/libvtkFiltersTexture-8.2.1.dylib"; sourceTree = "<group>"; };
		CA0254802671D6F3002695D9 /* libvtkFiltersGeneric-8.2.1.dylib */ = {isa = PBXFileReference; lastKnownFileType = "compiled.mach-o.dylib"; name = "libvtkFiltersGeneric-8.2.1.dylib"; path = "../../../Downloads/VTK-8.2.0-build/Build/lib/libvtkFiltersGeneric-8.2.1.dylib"; sourceTree = "<group>"; };
		CA0254812671D6F3002695D9 /* libvtkIOVideo-8.2.1.dylib */ = {isa = PBXFileReference; lastKnownFileType = "compiled.mach-o.dylib"; name = "libvtkIOVideo-8.2.1.dylib"; path = "../../../Downloads/VTK-8.2.0-build/Build/lib/libvtkIOVideo-8.2.1.dylib"; sourceTree = "<group>"; };
		CA0254822671D6F3002695D9 /* libvtkogg-8.2.1.dylib */ = {isa = PBXFileReference; lastKnownFileType = "compiled.mach-o.dylib"; name = "libvtkogg-8.2.1.dylib"; path = "../../../Downloads/VTK-8.2.0-build/Build/lib/libvtkogg-8.2.1.dylib"; sourceTree = "<group>"; };
		CA0254832671D6F3002695D9 /* libvtkImagingStencil-8.2.1.dylib */ = {isa = PBXFileReference; lastKnownFileType = "compiled.mach-o.dylib"; name = "libvtkImagingStencil-8.2.1.dylib"; path = "../../../Downloads/VTK-8.2.0-build/Build/lib/libvtkImagingStencil-8.2.1.dylib"; sourceTree = "<group>"; };
		CA0254842671D6F3002695D9 /* libvtkCommonSystem-8.2.1.dylib */ = {isa = PBXFileReference; lastKnownFileType = "compiled.mach-o.dylib"; name = "libvtkCommonSystem-8.2.1.dylib"; path = "../../../Downloads/VTK-8.2.0-build/Build/lib/libvtkCommonSystem-8.2.1.dylib"; sourceTree = "<group>"; };
		CA0254852671D6F3002695D9 /* libvtkDICOMParser-8.2.1.dylib */ = {isa = PBXFileReference; lastKnownFileType = "compiled.mach-o.dylib"; name = "libvtkDICOMParser-8.2.1.dylib"; path = "../../../Downloads/VTK-8.2.0-build/Build/lib/libvtkDICOMParser-8.2.1.dylib"; sourceTree = "<group>"; };
		CA0254862671D6F3002695D9 /* libvtkFiltersStatistics-8.2.1.dylib */ = {isa = PBXFileReference; lastKnownFileType = "compiled.mach-o.dylib"; name = "libvtkFiltersStatistics-8.2.1.dylib"; path = "../../../Downloads/VTK-8.2.0-build/Build/lib/libvtkFiltersStatistics-8.2.1.dylib"; sourceTree = "<group>"; };
		CA0254872671D6F3002695D9 /* libvtkFiltersFlowPaths-8.2.1.dylib */ = {isa = PBXFileReference; lastKnownFileType = "compiled.mach-o.dylib"; name = "libvtkFiltersFlowPaths-8.2.1.dylib"; path = "../../../Downloads/VTK-8.2.0-build/Build/lib/libvtkFiltersFlowPaths-8.2.1.dylib"; sourceTree = "<group>"; };
		CA0254882671D6F3002695D9 /* libvtkIOLegacy-8.2.1.dylib */ = {isa = PBXFileReference; lastKnownFileType = "compiled.mach-o.dylib"; name = "libvtkIOLegacy-8.2.1.dylib"; path = "../../../Downloads/VTK-8.2.0-build/Build/lib/libvtkIOLegacy-8.2.1.dylib"; sourceTree = "<group>"; };
		CA0254892671D6F3002695D9 /* libvtkIOMINC-8.2.1.dylib */ = {isa = PBXFileReference; lastKnownFileType = "compiled.mach-o.dylib"; name = "libvtkIOMINC-8.2.1.dylib"; path = "../../../Downloads/VTK-8.2.0-build/Build/lib/libvtkIOMINC-8.2.1.dylib"; sourceTree = "<group>"; };
		CA02548A2671D6F3002695D9 /* libvtkFiltersHyperTree-8.2.1.dylib */ = {isa = PBXFileReference; lastKnownFileType = "compiled.mach-o.dylib"; name = "libvtkFiltersHyperTree-8.2.1.dylib"; path = "../../../Downloads/VTK-8.2.0-build/Build/lib/libvtkFiltersHyperTree-8.2.1.dylib"; sourceTree = "<group>"; };
		CA02548B2671D6F3002695D9 /* libvtkIOInfovis-8.2.1.dylib */ = {isa = PBXFileReference; lastKnownFileType = "compiled.mach-o.dylib"; name = "libvtkIOInfovis-8.2.1.dylib"; path = "../../../Downloads/VTK-8.2.0-build/Build/lib/libvtkIOInfovis-8.2.1.dylib"; sourceTree = "<group>"; };
		CA02548C2671D6F3002695D9 /* libvtkFiltersPoints-8.2.1.dylib */ = {isa = PBXFileReference; lastKnownFileType = "compiled.mach-o.dylib"; name = "libvtkFiltersPoints-8.2.1.dylib"; path = "../../../Downloads/VTK-8.2.0-build/Build/lib/libvtkFiltersPoints-8.2.1.dylib"; sourceTree = "<group>"; };
		CA02548D2671D6F3002695D9 /* libvtkImagingMath-8.2.1.dylib */ = {isa = PBXFileReference; lastKnownFileType = "compiled.mach-o.dylib"; name = "libvtkImagingMath-8.2.1.dylib"; path = "../../../Downloads/VTK-8.2.0-build/Build/lib/libvtkImagingMath-8.2.1.dylib"; sourceTree = "<group>"; };
		CA02548E2671D6F3002695D9 /* libvtkjpeg-8.2.1.dylib */ = {isa = PBXFileReference; lastKnownFileType = "compiled.mach-o.dylib"; name = "libvtkjpeg-8.2.1.dylib"; path = "../../../Downloads/VTK-8.2.0-build/Build/lib/libvtkjpeg-8.2.1.dylib"; sourceTree = "<group>"; };
		CA02548F2671D6F3002695D9 /* libvtkCommonTransforms-8.2.1.dylib */ = {isa = PBXFileReference; lastKnownFileType = "compiled.mach-o.dylib"; name = "libvtkCommonTransforms-8.2.1.dylib"; path = "../../../Downloads/VTK-8.2.0-build/Build/lib/libvtkCommonTransforms-8.2.1.dylib"; sourceTree = "<group>"; };
		CA0254902671D6F3002695D9 /* libvtkFiltersHybrid-8.2.1.dylib */ = {isa = PBXFileReference; lastKnownFileType = "compiled.mach-o.dylib"; name = "libvtkFiltersHybrid-8.2.1.dylib"; path = "../../../Downloads/VTK-8.2.0-build/Build/lib/libvtkFiltersHybrid-8.2.1.dylib"; sourceTree = "<group>"; };
		CA0254912671D6F4002695D9 /* libvtkIOCore-8.2.1.dylib */ = {isa = PBXFileReference; lastKnownFileType = "compiled.mach-o.dylib"; name = "libvtkIOCore-8.2.1.dylib"; path = "../../../Downloads/VTK-8.2.0-build/Build/lib/libvtkIOCore-8.2.1.dylib"; sourceTree = "<group>"; };
		CA0254922671D6F4002695D9 /* libvtkGeovisCore-8.2.1.dylib */ = {isa = PBXFileReference; lastKnownFileType = "compiled.mach-o.dylib"; name = "libvtkGeovisCore-8.2.1.dylib"; path = "../../../Downloads/VTK-8.2.0-build/Build/lib/libvtkGeovisCore-8.2.1.dylib"; sourceTree = "<group>"; };
		CA0254932671D6F4002695D9 /* libvtkIOPLY-8.2.1.dylib */ = {isa = PBXFileReference; lastKnownFileType = "compiled.mach-o.dylib"; name = "libvtkIOPLY-8.2.1.dylib"; path = "../../../Downloads/VTK-8.2.0-build/Build/lib/libvtkIOPLY-8.2.1.dylib"; sourceTree = "<group>"; };
		CA0254942671D6F4002695D9 /* libvtkIOLSDyna-8.2.1.dylib */ = {isa = PBXFileReference; lastKnownFileType = "compiled.mach-o.dylib"; name = "libvtkIOLSDyna-8.2.1.dylib"; path = "../../../Downloads/VTK-8.2.0-build/Build/lib/libvtkIOLSDyna-8.2.1.dylib"; sourceTree = "<group>"; };
		CA0254952671D6F4002695D9 /* libvtkIOAMR-8.2.1.dylib */ = {isa = PBXFileReference; lastKnownFileType = "compiled.mach-o.dylib"; name = "libvtkIOAMR-8.2.1.dylib"; path = "../../../Downloads/VTK-8.2.0-build/Build/lib/libvtkIOAMR-8.2.1.dylib"; sourceTree = "<group>"; };
		CA0254962671D6F4002695D9 /* libvtkFiltersSelection-8.2.1.dylib */ = {isa = PBXFileReference; lastKnownFileType = "compiled.mach-o.dylib"; name = "libvtkFiltersSelection-8.2.1.dylib"; path = "../../../Downloads/VTK-8.2.0-build/Build/lib/libvtkFiltersSelection-8.2.1.dylib"; sourceTree = "<group>"; };
		CA0254972671D6F4002695D9 /* libvtklibxml2-8.2.1.dylib */ = {isa = PBXFileReference; lastKnownFileType = "compiled.mach-o.dylib"; name = "libvtklibxml2-8.2.1.dylib"; path = "../../../Downloads/VTK-8.2.0-build/Build/lib/libvtklibxml2-8.2.1.dylib"; sourceTree = "<group>"; };
		CA0254982671D6F4002695D9 /* libvtkIOExport-8.2.1.dylib */ = {isa = PBXFileReference; lastKnownFileType = "compiled.mach-o.dylib"; name = "libvtkIOExport-8.2.1.dylib"; path = "../../../Downloads/VTK-8.2.0-build/Build/lib/libvtkIOExport-8.2.1.dylib"; sourceTree = "<group>"; };
		CA0254992671D6F4002695D9 /* libvtkInteractionStyle-8.2.1.dylib */ = {isa = PBXFileReference; lastKnownFileType = "compiled.mach-o.dylib"; name = "libvtkInteractionStyle-8.2.1.dylib"; path = "../../../Downloads/VTK-8.2.0-build/Build/lib/libvtkInteractionStyle-8.2.1.dylib"; sourceTree = "<group>"; };
		CA02549A2671D6F4002695D9 /* libvtkChartsCore-8.2.1.dylib */ = {isa = PBXFileReference; lastKnownFileType = "compiled.mach-o.dylib"; name = "libvtkChartsCore-8.2.1.dylib"; path = "../../../Downloads/VTK-8.2.0-build/Build/lib/libvtkChartsCore-8.2.1.dylib"; sourceTree = "<group>"; };
		CA02549B2671D6F4002695D9 /* libvtkFiltersProgrammable-8.2.1.dylib */ = {isa = PBXFileReference; lastKnownFileType = "compiled.mach-o.dylib"; name = "libvtkFiltersProgrammable-8.2.1.dylib"; path = "../../../Downloads/VTK-8.2.0-build/Build/lib/libvtkFiltersProgrammable-8.2.1.dylib"; sourceTree = "<group>"; };
		CA02549C2671D6F4002695D9 /* libvtkIOVeraOut-8.2.1.dylib */ = {isa = PBXFileReference; lastKnownFileType = "compiled.mach-o.dylib"; name = "libvtkIOVeraOut-8.2.1.dylib"; path = "../../../Downloads/VTK-8.2.0-build/Build/lib/libvtkIOVeraOut-8.2.1.dylib"; sourceTree = "<group>"; };
		CA02549D2671D6F4002695D9 /* libvtklibharu-8.2.1.dylib */ = {isa = PBXFileReference; lastKnownFileType = "compiled.mach-o.dylib"; name = "libvtklibharu-8.2.1.dylib"; path = "../../../Downloads/VTK-8.2.0-build/Build/lib/libvtklibharu-8.2.1.dylib"; sourceTree = "<group>"; };
		CA02549E2671D6F4002695D9 /* libvtkImagingSources-8.2.1.dylib */ = {isa = PBXFileReference; lastKnownFileType = "compiled.mach-o.dylib"; name = "libvtkImagingSources-8.2.1.dylib"; path = "../../../Downloads/VTK-8.2.0-build/Build/lib/libvtkImagingSources-8.2.1.dylib"; sourceTree = "<group>"; };
		CA02549F2671D6F4002695D9 /* libvtkImagingGeneral-8.2.1.dylib */ = {isa = PBXFileReference; lastKnownFileType = "compiled.mach-o.dylib"; name = "libvtkImagingGeneral-8.2.1.dylib"; path = "../../../Downloads/VTK-8.2.0-build/Build/lib/libvtkImagingGeneral-8.2.1.dylib"; sourceTree = "<group>"; };
		CA0254A02671D6F4002695D9 /* libvtkfreetype-8.2.1.dylib */ = {isa = PBXFileReference; lastKnownFileType = "compiled.mach-o.dylib"; name = "libvtkfreetype-8.2.1.dylib"; path = "../../../Downloads/VTK-8.2.0-build/Build/lib/libvtkfreetype-8.2.1.dylib"; sourceTree = "<group>"; };
		CA0254A12671D6F4002695D9 /* libvtkFiltersParallel-8.2.1.dylib */ = {isa = PBXFileReference; lastKnownFileType = "compiled.mach-o.dylib"; name = "libvtkFiltersParallel-8.2.1.dylib"; path = "../../../Downloads/VTK-8.2.0-build/Build/lib/libvtkFiltersParallel-8.2.1.dylib"; sourceTree = "<group>"; };
		CA0254A22671D6F4002695D9 /* libvtkpugixml-8.2.1.dylib */ = {isa = PBXFileReference; lastKnownFileType = "compiled.mach-o.dylib"; name = "libvtkpugixml-8.2.1.dylib"; path = "../../../Downloads/VTK-8.2.0-build/Build/lib/libvtkpugixml-8.2.1.dylib"; sourceTree = "<group>"; };
		CA0254A32671D6F4002695D9 /* libvtkNetCDF-8.2.1.dylib */ = {isa = PBXFileReference; lastKnownFileType = "compiled.mach-o.dylib"; name = "libvtkNetCDF-8.2.1.dylib"; path = "../../../Downloads/VTK-8.2.0-build/Build/lib/libvtkNetCDF-8.2.1.dylib"; sourceTree = "<group>"; };
		CA0254A42671D6F4002695D9 /* libvtktheora-8.2.1.dylib */ = {isa = PBXFileReference; lastKnownFileType = "compiled.mach-o.dylib"; name = "libvtktheora-8.2.1.dylib"; path = "../../../Downloads/VTK-8.2.0-build/Build/lib/libvtktheora-8.2.1.dylib"; sourceTree = "<group>"; };
		CA0254A52671D6F5002695D9 /* libvtkFiltersGeometry-8.2.1.dylib */ = {isa = PBXFileReference; lastKnownFileType = "compiled.mach-o.dylib"; name = "libvtkFiltersGeometry-8.2.1.dylib"; path = "../../../Downloads/VTK-8.2.0-build/Build/lib/libvtkFiltersGeometry-8.2.1.dylib"; sourceTree = "<group>"; };
		CA0254A62671D6F5002695D9 /* libvtkCommonComputationalGeometry-8.2.1.dylib */ = {isa = PBXFileReference; lastKnownFileType = "compiled.mach-o.dylib"; name = "libvtkCommonComputationalGeometry-8.2.1.dylib"; path = "../../../Downloads/VTK-8.2.0-build/Build/lib/libvtkCommonComputationalGeometry-8.2.1.dylib"; sourceTree = "<group>"; };
		CA0254A72671D6F5002695D9 /* libvtkImagingStatistics-8.2.1.dylib */ = {isa = PBXFileReference; lastKnownFileType = "compiled.mach-o.dylib"; name = "libvtkImagingStatistics-8.2.1.dylib"; path = "../../../Downloads/VTK-8.2.0-build/Build/lib/libvtkImagingStatistics-8.2.1.dylib"; sourceTree = "<group>"; };
		CA0254A82671D6F5002695D9 /* libvtkIOExportPDF-8.2.1.dylib */ = {isa = PBXFileReference; lastKnownFileType = "compiled.mach-o.dylib"; name = "libvtkIOExportPDF-8.2.1.dylib"; path = "../../../Downloads/VTK-8.2.0-build/Build/lib/libvtkIOExportPDF-8.2.1.dylib"; sourceTree = "<group>"; };
		CA0254A92671D6F5002695D9 /* libvtkRenderingFreeType-8.2.1.dylib */ = {isa = PBXFileReference; lastKnownFileType = "compiled.mach-o.dylib"; name = "libvtkRenderingFreeType-8.2.1.dylib"; path = "../../../Downloads/VTK-8.2.0-build/Build/lib/libvtkRenderingFreeType-8.2.1.dylib"; sourceTree = "<group>"; };
		CA0254AA2671D6F5002695D9 /* libvtkIOParallelXML-8.2.1.dylib */ = {isa = PBXFileReference; lastKnownFileType = "compiled.mach-o.dylib"; name = "libvtkIOParallelXML-8.2.1.dylib"; path = "../../../Downloads/VTK-8.2.0-build/Build/lib/libvtkIOParallelXML-8.2.1.dylib"; sourceTree = "<group>"; };
		CA0254AB2671D6F5002695D9 /* libvtkCommonMath-8.2.1.dylib */ = {isa = PBXFileReference; lastKnownFileType = "compiled.mach-o.dylib"; name = "libvtkCommonMath-8.2.1.dylib"; path = "../../../Downloads/VTK-8.2.0-build/Build/lib/libvtkCommonMath-8.2.1.dylib"; sourceTree = "<group>"; };
		CA0254AC2671D6F5002695D9 /* libvtkRenderingContextOpenGL2-8.2.1.dylib */ = {isa = PBXFileReference; lastKnownFileType = "compiled.mach-o.dylib"; name = "libvtkRenderingContextOpenGL2-8.2.1.dylib"; path = "../../../Downloads/VTK-8.2.0-build/Build/lib/libvtkRenderingContextOpenGL2-8.2.1.dylib"; sourceTree = "<group>"; };
		CA0254AD2671D6F5002695D9 /* libvtkRenderingVolumeOpenGL2-8.2.1.dylib */ = {isa = PBXFileReference; lastKnownFileType = "compiled.mach-o.dylib"; name = "libvtkRenderingVolumeOpenGL2-8.2.1.dylib"; path = "../../../Downloads/VTK-8.2.0-build/Build/lib/libvtkRenderingVolumeOpenGL2-8.2.1.dylib"; sourceTree = "<group>"; };
		CA0254AE2671D6F5002695D9 /* libvtkParallelCore-8.2.1.dylib */ = {isa = PBXFileReference; lastKnownFileType = "compiled.mach-o.dylib"; name = "libvtkParallelCore-8.2.1.dylib"; path = "../../../Downloads/VTK-8.2.0-build/Build/lib/libvtkParallelCore-8.2.1.dylib"; sourceTree = "<group>"; };
		CA0254AF2671D6F5002695D9 /* libvtkImagingColor-8.2.1.dylib */ = {isa = PBXFileReference; lastKnownFileType = "compiled.mach-o.dylib"; name = "libvtkImagingColor-8.2.1.dylib"; path = "../../../Downloads/VTK-8.2.0-build/Build/lib/libvtkImagingColor-8.2.1.dylib"; sourceTree = "<group>"; };
		CA0254B02671D6F5002695D9 /* libvtkIOImage-8.2.1.dylib */ = {isa = PBXFileReference; lastKnownFileType = "compiled.mach-o.dylib"; name = "libvtkIOImage-8.2.1.dylib"; path = "../../../Downloads/VTK-8.2.0-build/Build/lib/libvtkIOImage-8.2.1.dylib"; sourceTree = "<group>"; };
		CA0254B12671D6F5002695D9 /* libvtkFiltersGeneral-8.2.1.dylib */ = {isa = PBXFileReference; lastKnownFileType = "compiled.mach-o.dylib"; name = "libvtkFiltersGeneral-8.2.1.dylib"; path = "../../../Downloads/VTK-8.2.0-build/Build/lib/libvtkFiltersGeneral-8.2.1.dylib"; sourceTree = "<group>"; };
		CA0254B22671D6F5002695D9 /* libvtkverdict-8.2.1.dylib */ = {isa = PBXFileReference; lastKnownFileType = "compiled.mach-o.dylib"; name = "libvtkverdict-8.2.1.dylib"; path = "../../../Downloads/VTK-8.2.0-build/Build/lib/libvtkverdict-8.2.1.dylib"; sourceTree = "<group>"; };
		CA0254B32671D6F5002695D9 /* libvtkIOSegY-8.2.1.dylib */ = {isa = PBXFileReference; lastKnownFileType = "compiled.mach-o.dylib"; name = "libvtkIOSegY-8.2.1.dylib"; path = "../../../Downloads/VTK-8.2.0-build/Build/lib/libvtkIOSegY-8.2.1.dylib"; sourceTree = "<group>"; };
		CA0254B42671D6F5002695D9 /* libvtkImagingFourier-8.2.1.dylib */ = {isa = PBXFileReference; lastKnownFileType = "compiled.mach-o.dylib"; name = "libvtkImagingFourier-8.2.1.dylib"; path = "../../../Downloads/VTK-8.2.0-build/Build/lib/libvtkImagingFourier-8.2.1.dylib"; sourceTree = "<group>"; };
		CA0254B52671D6F6002695D9 /* libvtkIOEnSight-8.2.1.dylib */ = {isa = PBXFileReference; lastKnownFileType = "compiled.mach-o.dylib"; name = "libvtkIOEnSight-8.2.1.dylib"; path = "../../../Downloads/VTK-8.2.0-build/Build/lib/libvtkIOEnSight-8.2.1.dylib"; sourceTree = "<group>"; };
		CA0254B62671D6F6002695D9 /* libvtkhdf5_hl-8.2.1.dylib */ = {isa = PBXFileReference; lastKnownFileType = "compiled.mach-o.dylib"; name = "libvtkhdf5_hl-8.2.1.dylib"; path = "../../../Downloads/VTK-8.2.0-build/Build/lib/libvtkhdf5_hl-8.2.1.dylib"; sourceTree = "<group>"; };
		CA0254B72671D6F6002695D9 /* libvtkgl2ps-8.2.1.dylib */ = {isa = PBXFileReference; lastKnownFileType = "compiled.mach-o.dylib"; name = "libvtkgl2ps-8.2.1.dylib"; path = "../../../Downloads/VTK-8.2.0-build/Build/lib/libvtkgl2ps-8.2.1.dylib"; sourceTree = "<group>"; };
		CA0254B82671D6F6002695D9 /* libvtkIOImport-8.2.1.dylib */ = {isa = PBXFileReference; lastKnownFileType = "compiled.mach-o.dylib"; name = "libvtkIOImport-8.2.1.dylib"; path = "../../../Downloads/VTK-8.2.0-build/Build/lib/libvtkIOImport-8.2.1.dylib"; sourceTree = "<group>"; };
		CA0254B92671D6F6002695D9 /* libvtkpng-8.2.1.dylib */ = {isa = PBXFileReference; lastKnownFileType = "compiled.mach-o.dylib"; name = "libvtkpng-8.2.1.dylib"; path = "../../../Downloads/VTK-8.2.0-build/Build/lib/libvtkpng-8.2.1.dylib"; sourceTree = "<group>"; };
		CA0254BA2671D6F6002695D9 /* libvtkFiltersSMP-8.2.1.dylib */ = {isa = PBXFileReference; lastKnownFileType = "compiled.mach-o.dylib"; name = "libvtkFiltersSMP-8.2.1.dylib"; path = "../../../Downloads/VTK-8.2.0-build/Build/lib/libvtkFiltersSMP-8.2.1.dylib"; sourceTree = "<group>"; };
		CA0254BB2671D6F6002695D9 /* libvtkRenderingImage-8.2.1.dylib */ = {isa = PBXFileReference; lastKnownFileType = "compiled.mach-o.dylib"; name = "libvtkRenderingImage-8.2.1.dylib"; path = "../../../Downloads/VTK-8.2.0-build/Build/lib/libvtkRenderingImage-8.2.1.dylib"; sourceTree = "<group>"; };
		CA0254BC2671D6F6002695D9 /* libvtkRenderingLabel-8.2.1.dylib */ = {isa = PBXFileReference; lastKnownFileType = "compiled.mach-o.dylib"; name = "libvtkRenderingLabel-8.2.1.dylib"; path = "../../../Downloads/VTK-8.2.0-build/Build/lib/libvtkRenderingLabel-8.2.1.dylib"; sourceTree = "<group>"; };
		CA0254BD2671D6F6002695D9 /* libvtkRenderingLOD-8.2.1.dylib */ = {isa = PBXFileReference; lastKnownFileType = "compiled.mach-o.dylib"; name = "libvtkRenderingLOD-8.2.1.dylib"; path = "../../../Downloads/VTK-8.2.0-build/Build/lib/libvtkRenderingLOD-8.2.1.dylib"; sourceTree = "<group>"; };
		CA0254BE2671D6F6002695D9 /* libvtkImagingMorphological-8.2.1.dylib */ = {isa = PBXFileReference; lastKnownFileType = "compiled.mach-o.dylib"; name = "libvtkImagingMorphological-8.2.1.dylib"; path = "../../../Downloads/VTK-8.2.0-build/Build/lib/libvtkImagingMorphological-8.2.1.dylib"; sourceTree = "<group>"; };
		CA0254BF2671D6F6002695D9 /* libvtkInfovisLayout-8.2.1.dylib */ = {isa = PBXFileReference; lastKnownFileType = "compiled.mach-o.dylib"; name = "libvtkInfovisLayout-8.2.1.dylib"; path = "../../../Downloads/VTK-8.2.0-build/Build/lib/libvtkInfovisLayout-8.2.1.dylib"; sourceTree = "<group>"; };
		CA0254C02671D6F6002695D9 /* libvtkIOParallel-8.2.1.dylib */ = {isa = PBXFileReference; lastKnownFileType = "compiled.mach-o.dylib"; name = "libvtkIOParallel-8.2.1.dylib"; path = "../../../Downloads/VTK-8.2.0-build/Build/lib/libvtkIOParallel-8.2.1.dylib"; sourceTree = "<group>"; };
		CA0254C12671D6F6002695D9 /* libvtkCommonMisc-8.2.1.dylib */ = {isa = PBXFileReference; lastKnownFileType = "compiled.mach-o.dylib"; name = "libvtkCommonMisc-8.2.1.dylib"; path = "../../../Downloads/VTK-8.2.0-build/Build/lib/libvtkCommonMisc-8.2.1.dylib"; sourceTree = "<group>"; };
		CA0254C22671D6F6002695D9 /* libvtkIOExodus-8.2.1.dylib */ = {isa = PBXFileReference; lastKnownFileType = "compiled.mach-o.dylib"; name = "libvtkIOExodus-8.2.1.dylib"; path = "../../../Downloads/VTK-8.2.0-build/Build/lib/libvtkIOExodus-8.2.1.dylib"; sourceTree = "<group>"; };
		CA0254C32671D6F7002695D9 /* libvtkInteractionWidgets-8.2.1.dylib */ = {isa = PBXFileReference; lastKnownFileType = "compiled.mach-o.dylib"; name = "libvtkInteractionWidgets-8.2.1.dylib"; path = "../../../Downloads/VTK-8.2.0-build/Build/lib/libvtkInteractionWidgets-8.2.1.dylib"; sourceTree = "<group>"; };
		CA0254C42671D6F7002695D9 /* libvtkInteractionImage-8.2.1.dylib */ = {isa = PBXFileReference; lastKnownFileType = "compiled.mach-o.dylib"; name = "libvtkInteractionImage-8.2.1.dylib"; path = "../../../Downloads/VTK-8.2.0-build/Build/lib/libvtkInteractionImage-8.2.1.dylib"; sourceTree = "<group>"; };
		CA0254C52671D6F7002695D9 /* libvtkexodusII-8.2.1.dylib */ = {isa = PBXFileReference; lastKnownFileType = "compiled.mach-o.dylib"; name = "libvtkexodusII-8.2.1.dylib"; path = "../../../Downloads/VTK-8.2.0-build/Build/lib/libvtkexodusII-8.2.1.dylib"; sourceTree = "<group>"; };
		CA0254C62671D6F7002695D9 /* libvtkIONetCDF-8.2.1.dylib */ = {isa = PBXFileReference; lastKnownFileType = "compiled.mach-o.dylib"; name = "libvtkIONetCDF-8.2.1.dylib"; path = "../../../Downloads/VTK-8.2.0-build/Build/lib/libvtkIONetCDF-8.2.1.dylib"; sourceTree = "<group>"; };
		CA0254C72671D6F7002695D9 /* libvtkjsoncpp-8.2.1.dylib */ = {isa = PBXFileReference; lastKnownFileType = "compiled.mach-o.dylib"; name = "libvtkjsoncpp-8.2.1.dylib"; path = "../../../Downloads/VTK-8.2.0-build/Build/lib/libvtkjsoncpp-8.2.1.dylib"; sourceTree = "<group>"; };
		CA0254C82671D6F7002695D9 /* libvtkIOXMLParser-8.2.1.dylib */ = {isa = PBXFileReference; lastKnownFileType = "compiled.mach-o.dylib"; name = "libvtkIOXMLParser-8.2.1.dylib"; path = "../../../Downloads/VTK-8.2.0-build/Build/lib/libvtkIOXMLParser-8.2.1.dylib"; sourceTree = "<group>"; };
		CA0254C92671D6F7002695D9 /* libvtkCommonCore-8.2.1.dylib */ = {isa = PBXFileReference; lastKnownFileType = "compiled.mach-o.dylib"; name = "libvtkCommonCore-8.2.1.dylib"; path = "../../../Downloads/VTK-8.2.0-build/Build/lib/libvtkCommonCore-8.2.1.dylib"; sourceTree = "<group>"; };
		CA0254CA2671D6F7002695D9 /* libvtkglew-8.2.1.dylib */ = {isa = PBXFileReference; lastKnownFileType = "compiled.mach-o.dylib"; name = "libvtkglew-8.2.1.dylib"; path = "../../../Downloads/VTK-8.2.0-build/Build/lib/libvtkglew-8.2.1.dylib"; sourceTree = "<group>"; };
		CA0254CB2671D6F7002695D9 /* libvtkFiltersVerdict-8.2.1.dylib */ = {isa = PBXFileReference; lastKnownFileType = "compiled.mach-o.dylib"; name = "libvtkFiltersVerdict-8.2.1.dylib"; path = "../../../Downloads/VTK-8.2.0-build/Build/lib/libvtkFiltersVerdict-8.2.1.dylib"; sourceTree = "<group>"; };
		CA0254CC2671D6F7002695D9 /* libvtkproj-8.2.1.dylib */ = {isa = PBXFileReference; lastKnownFileType = "compiled.mach-o.dylib"; name = "libvtkproj-8.2.1.dylib"; path = "../../../Downloads/VTK-8.2.0-build/Build/lib/libvtkproj-8.2.1.dylib"; sourceTree = "<group>"; };
		CA0254CD2671D6F7002695D9 /* libvtkzlib-8.2.1.dylib */ = {isa = PBXFileReference; lastKnownFileType = "compiled.mach-o.dylib"; name = "libvtkzlib-8.2.1.dylib"; path = "../../../Downloads/VTK-8.2.0-build/Build/lib/libvtkzlib-8.2.1.dylib"; sourceTree = "<group>"; };
		CA0254CE2671D6F7002695D9 /* libvtkFiltersImaging-8.2.1.dylib */ = {isa = PBXFileReference; lastKnownFileType = "compiled.mach-o.dylib"; name = "libvtkFiltersImaging-8.2.1.dylib"; path = "../../../Downloads/VTK-8.2.0-build/Build/lib/libvtkFiltersImaging-8.2.1.dylib"; sourceTree = "<group>"; };
		CA0254CF2671D6F7002695D9 /* libvtkIOGeometry-8.2.1.dylib */ = {isa = PBXFileReference; lastKnownFileType = "compiled.mach-o.dylib"; name = "libvtkIOGeometry-8.2.1.dylib"; path = "../../../Downloads/VTK-8.2.0-build/Build/lib/libvtkIOGeometry-8.2.1.dylib"; sourceTree = "<group>"; };
		CA0254D02671D6F7002695D9 /* libvtkIOExportOpenGL2-8.2.1.dylib */ = {isa = PBXFileReference; lastKnownFileType = "compiled.mach-o.dylib"; name = "libvtkIOExportOpenGL2-8.2.1.dylib"; path = "../../../Downloads/VTK-8.2.0-build/Build/lib/libvtkIOExportOpenGL2-8.2.1.dylib"; sourceTree = "<group>"; };
		CA0254D12671D6F7002695D9 /* libvtkmetaio-8.2.1.dylib */ = {isa = PBXFileReference; lastKnownFileType = "compiled.mach-o.dylib"; name = "libvtkmetaio-8.2.1.dylib"; path = "../../../Downloads/VTK-8.2.0-build/Build/lib/libvtkmetaio-8.2.1.dylib"; sourceTree = "<group>"; };
		CA0254D22671D6F7002695D9 /* libvtkRenderingContext2D-8.2.1.dylib */ = {isa = PBXFileReference; lastKnownFileType = "compiled.mach-o.dylib"; name = "libvtkRenderingContext2D-8.2.1.dylib"; path = "../../../Downloads/VTK-8.2.0-build/Build/lib/libvtkRenderingContext2D-8.2.1.dylib"; sourceTree = "<group>"; };
		CA0254D32671D6F7002695D9 /* libvtksqlite-8.2.1.dylib */ = {isa = PBXFileReference; lastKnownFileType = "compiled.mach-o.dylib"; name = "libvtksqlite-8.2.1.dylib"; path = "../../../Downloads/VTK-8.2.0-build/Build/lib/libvtksqlite-8.2.1.dylib"; sourceTree = "<group>"; };
		CA0254D42671D6F8002695D9 /* libvtkFiltersTopology-8.2.1.dylib */ = {isa = PBXFileReference; lastKnownFileType = "compiled.mach-o.dylib"; name = "libvtkFiltersTopology-8.2.1.dylib"; path = "../../../Downloads/VTK-8.2.0-build/Build/lib/libvtkFiltersTopology-8.2.1.dylib"; sourceTree = "<group>"; };
		CA0254D52671D6F8002695D9 /* libvtkViewsInfovis-8.2.1.dylib */ = {isa = PBXFileReference; lastKnownFileType = "compiled.mach-o.dylib"; name = "libvtkViewsInfovis-8.2.1.dylib"; path = "../../../Downloads/VTK-8.2.0-build/Build/lib/libvtkViewsInfovis-8.2.1.dylib"; sourceTree = "<group>"; };
		CA0254D62671D6F8002695D9 /* libvtkFiltersModeling-8.2.1.dylib */ = {isa = PBXFileReference; lastKnownFileType = "compiled.mach-o.dylib"; name = "libvtkFiltersModeling-8.2.1.dylib"; path = "../../../Downloads/VTK-8.2.0-build/Build/lib/libvtkFiltersModeling-8.2.1.dylib"; sourceTree = "<group>"; };
		CA0255512671DF18002695D9 /* OpenGL.framework */ = {isa = PBXFileReference; lastKnownFileType = wrapper.framework; name = OpenGL.framework; path = System/Library/Frameworks/OpenGL.framework; sourceTree = SDKROOT; };
		CA0255532671E74A002695D9 /* Cocoa.framework */ = {isa = PBXFileReference; lastKnownFileType = wrapper.framework; name = Cocoa.framework; path = System/Library/Frameworks/Cocoa.framework; sourceTree = SDKROOT; };
		CA0255552671E75C002695D9 /* IOKit.framework */ = {isa = PBXFileReference; lastKnownFileType = wrapper.framework; name = IOKit.framework; path = System/Library/Frameworks/IOKit.framework; sourceTree = SDKROOT; };
/* End PBXFileReference section */

/* Begin PBXFrameworksBuildPhase section */
		CA02544F2671D6C2002695D9 /* Frameworks */ = {
			isa = PBXFrameworksBuildPhase;
			buildActionMask = 2147483647;
			files = (
				CA0255562671E75C002695D9 /* IOKit.framework in Frameworks */,
				CA0255542671E74A002695D9 /* Cocoa.framework in Frameworks */,
				CA0255522671DF18002695D9 /* OpenGL.framework in Frameworks */,
				CA0254D72671D6F8002695D9 /* libvtkhdf5-8.2.1.dylib in Frameworks */,
				CA0254D82671D6F8002695D9 /* libvtklzma-8.2.1.dylib in Frameworks */,
				CA0254D92671D6F8002695D9 /* libvtkFiltersCore-8.2.1.dylib in Frameworks */,
				CA0254DA2671D6F8002695D9 /* libvtkIOSQL-8.2.1.dylib in Frameworks */,
				CA0254DB2671D6F8002695D9 /* libvtkIOMovie-8.2.1.dylib in Frameworks */,
				CA0254DC2671D6F8002695D9 /* libvtkViewsCore-8.2.1.dylib in Frameworks */,
				CA0254DE2671D6F8002695D9 /* libvtkIOTecplotTable-8.2.1.dylib in Frameworks */,
				CA0254DF2671D6F8002695D9 /* libvtkFiltersParallelImaging-8.2.1.dylib in Frameworks */,
				CA0254E02671D6F8002695D9 /* libvtkIOAsynchronous-8.2.1.dylib in Frameworks */,
				CA0254E12671D6F8002695D9 /* libvtkFiltersAMR-8.2.1.dylib in Frameworks */,
				CA0254E22671D6F8002695D9 /* libvtktiff-8.2.1.dylib in Frameworks */,
				CA0254E32671D6F8002695D9 /* libvtkCommonColor-8.2.1.dylib in Frameworks */,
				CA0254E42671D6F8002695D9 /* libvtkImagingCore-8.2.1.dylib in Frameworks */,
				CA0254E52671D6F8002695D9 /* libvtkInfovisCore-8.2.1.dylib in Frameworks */,
				CA0254E62671D6F8002695D9 /* libvtkIOCityGML-8.2.1.dylib in Frameworks */,
				CA0254E72671D6F8002695D9 /* libvtkIOXML-8.2.1.dylib in Frameworks */,
				CA0254E82671D6F8002695D9 /* libvtkCommonDataModel-8.2.1.dylib in Frameworks */,
				CA0254E92671D6F8002695D9 /* libvtkdoubleconversion-8.2.1.dylib in Frameworks */,
				CA0254EA2671D6F8002695D9 /* libvtkRenderingCore-8.2.1.dylib in Frameworks */,
				CA0254EB2671D6F8002695D9 /* libvtkImagingHybrid-8.2.1.dylib in Frameworks */,
				CA0254EC2671D6F8002695D9 /* libvtksys-8.2.1.dylib in Frameworks */,
				CA0254ED2671D6F8002695D9 /* libvtkFiltersSources-8.2.1.dylib in Frameworks */,
				CA0254EE2671D6F8002695D9 /* libvtkFiltersExtraction-8.2.1.dylib in Frameworks */,
				CA0254EF2671D6F8002695D9 /* libvtkDomainsChemistry-8.2.1.dylib in Frameworks */,
				CA0254F02671D6F8002695D9 /* libvtkexpat-8.2.1.dylib in Frameworks */,
				CA0254F12671D6F8002695D9 /* libvtklz4-8.2.1.dylib in Frameworks */,
				CA0254F22671D6F8002695D9 /* libvtkCommonExecutionModel-8.2.1.dylib in Frameworks */,
				CA0254F32671D6F8002695D9 /* libvtkRenderingGL2PSOpenGL2-8.2.1.dylib in Frameworks */,
				CA0254F42671D6F8002695D9 /* libvtkDomainsChemistryOpenGL2-8.2.1.dylib in Frameworks */,
				CA0254F52671D6F8002695D9 /* libvtkRenderingAnnotation-8.2.1.dylib in Frameworks */,
				CA0254F62671D6F8002695D9 /* libvtkRenderingOpenGL2-8.2.1.dylib in Frameworks */,
				CA0254F72671D6F8002695D9 /* libvtkViewsContext2D-8.2.1.dylib in Frameworks */,
				CA0254F82671D6F8002695D9 /* libvtkRenderingVolume-8.2.1.dylib in Frameworks */,
				CA0254F92671D6F8002695D9 /* libvtkFiltersTexture-8.2.1.dylib in Frameworks */,
				CA0254FA2671D6F8002695D9 /* libvtkFiltersGeneric-8.2.1.dylib in Frameworks */,
				CA0254FB2671D6F8002695D9 /* libvtkIOVideo-8.2.1.dylib in Frameworks */,
				CA0254FC2671D6F8002695D9 /* libvtkogg-8.2.1.dylib in Frameworks */,
				CA0254FD2671D6F8002695D9 /* libvtkImagingStencil-8.2.1.dylib in Frameworks */,
				CA0254FE2671D6F8002695D9 /* libvtkCommonSystem-8.2.1.dylib in Frameworks */,
				CA0254FF2671D6F8002695D9 /* libvtkDICOMParser-8.2.1.dylib in Frameworks */,
				CA0255002671D6F8002695D9 /* libvtkFiltersStatistics-8.2.1.dylib in Frameworks */,
				CA0255012671D6F8002695D9 /* libvtkFiltersFlowPaths-8.2.1.dylib in Frameworks */,
				CA0255022671D6F8002695D9 /* libvtkIOLegacy-8.2.1.dylib in Frameworks */,
				CA0255032671D6F8002695D9 /* libvtkIOMINC-8.2.1.dylib in Frameworks */,
				CA0255042671D6F8002695D9 /* libvtkFiltersHyperTree-8.2.1.dylib in Frameworks */,
				CA0255052671D6F8002695D9 /* libvtkIOInfovis-8.2.1.dylib in Frameworks */,
				CA0255062671D6F8002695D9 /* libvtkFiltersPoints-8.2.1.dylib in Frameworks */,
				CA0255072671D6F8002695D9 /* libvtkImagingMath-8.2.1.dylib in Frameworks */,
				CA0255082671D6F8002695D9 /* libvtkjpeg-8.2.1.dylib in Frameworks */,
				CA0255092671D6F8002695D9 /* libvtkCommonTransforms-8.2.1.dylib in Frameworks */,
				CA02550A2671D6F8002695D9 /* libvtkFiltersHybrid-8.2.1.dylib in Frameworks */,
				CA02550B2671D6F8002695D9 /* libvtkIOCore-8.2.1.dylib in Frameworks */,
				CA02550C2671D6F8002695D9 /* libvtkGeovisCore-8.2.1.dylib in Frameworks */,
				CA02550D2671D6F8002695D9 /* libvtkIOPLY-8.2.1.dylib in Frameworks */,
				CA02550E2671D6F8002695D9 /* libvtkIOLSDyna-8.2.1.dylib in Frameworks */,
				CA02550F2671D6F8002695D9 /* libvtkIOAMR-8.2.1.dylib in Frameworks */,
				CA0255102671D6F8002695D9 /* libvtkFiltersSelection-8.2.1.dylib in Frameworks */,
				CA0255112671D6F8002695D9 /* libvtklibxml2-8.2.1.dylib in Frameworks */,
				CA0255122671D6F8002695D9 /* libvtkIOExport-8.2.1.dylib in Frameworks */,
				CA0255132671D6F8002695D9 /* libvtkInteractionStyle-8.2.1.dylib in Frameworks */,
				CA0255142671D6F8002695D9 /* libvtkChartsCore-8.2.1.dylib in Frameworks */,
				CA0255152671D6F8002695D9 /* libvtkFiltersProgrammable-8.2.1.dylib in Frameworks */,
				CA0255162671D6F8002695D9 /* libvtkIOVeraOut-8.2.1.dylib in Frameworks */,
				CA0255172671D6F8002695D9 /* libvtklibharu-8.2.1.dylib in Frameworks */,
				CA0255182671D6F8002695D9 /* libvtkImagingSources-8.2.1.dylib in Frameworks */,
				CA0255192671D6F8002695D9 /* libvtkImagingGeneral-8.2.1.dylib in Frameworks */,
				CA02551A2671D6F8002695D9 /* libvtkfreetype-8.2.1.dylib in Frameworks */,
				CA02551B2671D6F8002695D9 /* libvtkFiltersParallel-8.2.1.dylib in Frameworks */,
				CA02551C2671D6F8002695D9 /* libvtkpugixml-8.2.1.dylib in Frameworks */,
				CA02551D2671D6F8002695D9 /* libvtkNetCDF-8.2.1.dylib in Frameworks */,
				CA02551E2671D6F8002695D9 /* libvtktheora-8.2.1.dylib in Frameworks */,
				CA02551F2671D6F8002695D9 /* libvtkFiltersGeometry-8.2.1.dylib in Frameworks */,
				CA0255202671D6F8002695D9 /* libvtkCommonComputationalGeometry-8.2.1.dylib in Frameworks */,
				CA0255212671D6F8002695D9 /* libvtkImagingStatistics-8.2.1.dylib in Frameworks */,
				CA0255222671D6F8002695D9 /* libvtkIOExportPDF-8.2.1.dylib in Frameworks */,
				CA0255232671D6F8002695D9 /* libvtkRenderingFreeType-8.2.1.dylib in Frameworks */,
				CA0255242671D6F8002695D9 /* libvtkIOParallelXML-8.2.1.dylib in Frameworks */,
				CA0255252671D6F8002695D9 /* libvtkCommonMath-8.2.1.dylib in Frameworks */,
				CA0255262671D6F8002695D9 /* libvtkRenderingContextOpenGL2-8.2.1.dylib in Frameworks */,
				CA0255272671D6F8002695D9 /* libvtkRenderingVolumeOpenGL2-8.2.1.dylib in Frameworks */,
				CA0255282671D6F8002695D9 /* libvtkParallelCore-8.2.1.dylib in Frameworks */,
				CA0255292671D6F8002695D9 /* libvtkImagingColor-8.2.1.dylib in Frameworks */,
				CA02552A2671D6F8002695D9 /* libvtkIOImage-8.2.1.dylib in Frameworks */,
				CA02552B2671D6F8002695D9 /* libvtkFiltersGeneral-8.2.1.dylib in Frameworks */,
				CA02552C2671D6F8002695D9 /* libvtkverdict-8.2.1.dylib in Frameworks */,
				CA02552D2671D6F9002695D9 /* libvtkIOSegY-8.2.1.dylib in Frameworks */,
				CA02552E2671D6F9002695D9 /* libvtkImagingFourier-8.2.1.dylib in Frameworks */,
				CA02552F2671D6F9002695D9 /* libvtkIOEnSight-8.2.1.dylib in Frameworks */,
				CA0255302671D6F9002695D9 /* libvtkhdf5_hl-8.2.1.dylib in Frameworks */,
				CA0255312671D6F9002695D9 /* libvtkgl2ps-8.2.1.dylib in Frameworks */,
				CA0255322671D6F9002695D9 /* libvtkIOImport-8.2.1.dylib in Frameworks */,
				CA0255332671D6F9002695D9 /* libvtkpng-8.2.1.dylib in Frameworks */,
				CA0255342671D6F9002695D9 /* libvtkFiltersSMP-8.2.1.dylib in Frameworks */,
				CA0255352671D6F9002695D9 /* libvtkRenderingImage-8.2.1.dylib in Frameworks */,
				CA0255362671D6F9002695D9 /* libvtkRenderingLabel-8.2.1.dylib in Frameworks */,
				CA0255372671D6F9002695D9 /* libvtkRenderingLOD-8.2.1.dylib in Frameworks */,
				CA0255382671D6F9002695D9 /* libvtkImagingMorphological-8.2.1.dylib in Frameworks */,
				CA0255392671D6F9002695D9 /* libvtkInfovisLayout-8.2.1.dylib in Frameworks */,
				CA02553A2671D6F9002695D9 /* libvtkIOParallel-8.2.1.dylib in Frameworks */,
				CA02553B2671D6F9002695D9 /* libvtkCommonMisc-8.2.1.dylib in Frameworks */,
				CA02553C2671D6F9002695D9 /* libvtkIOExodus-8.2.1.dylib in Frameworks */,
				CA02553D2671D6F9002695D9 /* libvtkInteractionWidgets-8.2.1.dylib in Frameworks */,
				CA02553E2671D6F9002695D9 /* libvtkInteractionImage-8.2.1.dylib in Frameworks */,
				CA02553F2671D6F9002695D9 /* libvtkexodusII-8.2.1.dylib in Frameworks */,
				CA0255402671D6F9002695D9 /* libvtkIONetCDF-8.2.1.dylib in Frameworks */,
				CA0255412671D6F9002695D9 /* libvtkjsoncpp-8.2.1.dylib in Frameworks */,
				CA0255422671D6F9002695D9 /* libvtkIOXMLParser-8.2.1.dylib in Frameworks */,
				CA0255432671D6F9002695D9 /* libvtkCommonCore-8.2.1.dylib in Frameworks */,
				CA0255442671D6F9002695D9 /* libvtkglew-8.2.1.dylib in Frameworks */,
				CA0255452671D6F9002695D9 /* libvtkFiltersVerdict-8.2.1.dylib in Frameworks */,
				CA0255462671D6F9002695D9 /* libvtkproj-8.2.1.dylib in Frameworks */,
				CA0255472671D6F9002695D9 /* libvtkzlib-8.2.1.dylib in Frameworks */,
				CA0255482671D6F9002695D9 /* libvtkFiltersImaging-8.2.1.dylib in Frameworks */,
				CA0255492671D6F9002695D9 /* libvtkIOGeometry-8.2.1.dylib in Frameworks */,
				CA02554A2671D6F9002695D9 /* libvtkIOExportOpenGL2-8.2.1.dylib in Frameworks */,
				CA02554B2671D6F9002695D9 /* libvtkmetaio-8.2.1.dylib in Frameworks */,
				CA02554C2671D6F9002695D9 /* libvtkRenderingContext2D-8.2.1.dylib in Frameworks */,
				CA02554D2671D6F9002695D9 /* libvtksqlite-8.2.1.dylib in Frameworks */,
				CA02554E2671D6F9002695D9 /* libvtkFiltersTopology-8.2.1.dylib in Frameworks */,
				CA02554F2671D6F9002695D9 /* libvtkViewsInfovis-8.2.1.dylib in Frameworks */,
				CA0255502671D6F9002695D9 /* libvtkFiltersModeling-8.2.1.dylib in Frameworks */,
			);
			runOnlyForDeploymentPostprocessing = 0;
		};
/* End PBXFrameworksBuildPhase section */

/* Begin PBXGroup section */
		CA0254492671D6C2002695D9 = {
			isa = PBXGroup;
			children = (
				CA0254542671D6C2002695D9 /* 123 */,
				CA0254532671D6C2002695D9 /* Products */,
				CA02545C2671D6F0002695D9 /* Frameworks */,
			);
			sourceTree = "<group>";
		};
		CA0254532671D6C2002695D9 /* Products */ = {
			isa = PBXGroup;
			children = (
				CA0254522671D6C2002695D9 /* 123 */,
			);
			name = Products;
			sourceTree = "<group>";
		};
		CA0254542671D6C2002695D9 /* 123 */ = {
			isa = PBXGroup;
			children = (
				CA0254552671D6C2002695D9 /* main.cpp */,
			);
			path = 123;
			sourceTree = "<group>";
		};
		CA02545C2671D6F0002695D9 /* Frameworks */ = {
			isa = PBXGroup;
			children = (
				CA0255552671E75C002695D9 /* IOKit.framework */,
				CA0255532671E74A002695D9 /* Cocoa.framework */,
				CA0255512671DF18002695D9 /* OpenGL.framework */,
				CA0254632671D6F1002695D9 /* cmake */,
				CA02549A2671D6F4002695D9 /* libvtkChartsCore-8.2.1.dylib */,
				CA0254692671D6F1002695D9 /* libvtkCommonColor-8.2.1.dylib */,
				CA0254A62671D6F5002695D9 /* libvtkCommonComputationalGeometry-8.2.1.dylib */,
				CA0254C92671D6F7002695D9 /* libvtkCommonCore-8.2.1.dylib */,
				CA02546E2671D6F2002695D9 /* libvtkCommonDataModel-8.2.1.dylib */,
				CA0254782671D6F2002695D9 /* libvtkCommonExecutionModel-8.2.1.dylib */,
				CA0254AB2671D6F5002695D9 /* libvtkCommonMath-8.2.1.dylib */,
				CA0254C12671D6F6002695D9 /* libvtkCommonMisc-8.2.1.dylib */,
				CA0254842671D6F3002695D9 /* libvtkCommonSystem-8.2.1.dylib */,
				CA02548F2671D6F3002695D9 /* libvtkCommonTransforms-8.2.1.dylib */,
				CA0254852671D6F3002695D9 /* libvtkDICOMParser-8.2.1.dylib */,
				CA0254752671D6F2002695D9 /* libvtkDomainsChemistry-8.2.1.dylib */,
				CA02547A2671D6F2002695D9 /* libvtkDomainsChemistryOpenGL2-8.2.1.dylib */,
				CA02546F2671D6F2002695D9 /* libvtkdoubleconversion-8.2.1.dylib */,
				CA0254C52671D6F7002695D9 /* libvtkexodusII-8.2.1.dylib */,
				CA0254762671D6F2002695D9 /* libvtkexpat-8.2.1.dylib */,
				CA0254672671D6F1002695D9 /* libvtkFiltersAMR-8.2.1.dylib */,
				CA02545F2671D6F1002695D9 /* libvtkFiltersCore-8.2.1.dylib */,
				CA0254742671D6F2002695D9 /* libvtkFiltersExtraction-8.2.1.dylib */,
				CA0254872671D6F3002695D9 /* libvtkFiltersFlowPaths-8.2.1.dylib */,
				CA0254B12671D6F5002695D9 /* libvtkFiltersGeneral-8.2.1.dylib */,
				CA0254802671D6F3002695D9 /* libvtkFiltersGeneric-8.2.1.dylib */,
				CA0254A52671D6F5002695D9 /* libvtkFiltersGeometry-8.2.1.dylib */,
				CA0254902671D6F3002695D9 /* libvtkFiltersHybrid-8.2.1.dylib */,
				CA02548A2671D6F3002695D9 /* libvtkFiltersHyperTree-8.2.1.dylib */,
				CA0254CE2671D6F7002695D9 /* libvtkFiltersImaging-8.2.1.dylib */,
				CA0254D62671D6F8002695D9 /* libvtkFiltersModeling-8.2.1.dylib */,
				CA0254A12671D6F4002695D9 /* libvtkFiltersParallel-8.2.1.dylib */,
				CA0254652671D6F1002695D9 /* libvtkFiltersParallelImaging-8.2.1.dylib */,
				CA02548C2671D6F3002695D9 /* libvtkFiltersPoints-8.2.1.dylib */,
				CA02549B2671D6F4002695D9 /* libvtkFiltersProgrammable-8.2.1.dylib */,
				CA0254962671D6F4002695D9 /* libvtkFiltersSelection-8.2.1.dylib */,
				CA0254BA2671D6F6002695D9 /* libvtkFiltersSMP-8.2.1.dylib */,
				CA0254732671D6F2002695D9 /* libvtkFiltersSources-8.2.1.dylib */,
				CA0254862671D6F3002695D9 /* libvtkFiltersStatistics-8.2.1.dylib */,
				CA02547F2671D6F3002695D9 /* libvtkFiltersTexture-8.2.1.dylib */,
				CA0254D42671D6F8002695D9 /* libvtkFiltersTopology-8.2.1.dylib */,
				CA0254CB2671D6F7002695D9 /* libvtkFiltersVerdict-8.2.1.dylib */,
				CA0254A02671D6F4002695D9 /* libvtkfreetype-8.2.1.dylib */,
				CA0254922671D6F4002695D9 /* libvtkGeovisCore-8.2.1.dylib */,
				CA0254B72671D6F6002695D9 /* libvtkgl2ps-8.2.1.dylib */,
				CA0254CA2671D6F7002695D9 /* libvtkglew-8.2.1.dylib */,
				CA0254B62671D6F6002695D9 /* libvtkhdf5_hl-8.2.1.dylib */,
				CA02545D2671D6F1002695D9 /* libvtkhdf5-8.2.1.dylib */,
				CA0254AF2671D6F5002695D9 /* libvtkImagingColor-8.2.1.dylib */,
				CA02546A2671D6F1002695D9 /* libvtkImagingCore-8.2.1.dylib */,
				CA0254B42671D6F5002695D9 /* libvtkImagingFourier-8.2.1.dylib */,
				CA02549F2671D6F4002695D9 /* libvtkImagingGeneral-8.2.1.dylib */,
				CA0254712671D6F2002695D9 /* libvtkImagingHybrid-8.2.1.dylib */,
				CA02548D2671D6F3002695D9 /* libvtkImagingMath-8.2.1.dylib */,
				CA0254BE2671D6F6002695D9 /* libvtkImagingMorphological-8.2.1.dylib */,
				CA02549E2671D6F4002695D9 /* libvtkImagingSources-8.2.1.dylib */,
				CA0254A72671D6F5002695D9 /* libvtkImagingStatistics-8.2.1.dylib */,
				CA0254832671D6F3002695D9 /* libvtkImagingStencil-8.2.1.dylib */,
				CA02546B2671D6F1002695D9 /* libvtkInfovisCore-8.2.1.dylib */,
				CA0254BF2671D6F6002695D9 /* libvtkInfovisLayout-8.2.1.dylib */,
				CA0254C42671D6F7002695D9 /* libvtkInteractionImage-8.2.1.dylib */,
				CA0254992671D6F4002695D9 /* libvtkInteractionStyle-8.2.1.dylib */,
				CA0254C32671D6F7002695D9 /* libvtkInteractionWidgets-8.2.1.dylib */,
				CA0254952671D6F4002695D9 /* libvtkIOAMR-8.2.1.dylib */,
				CA0254662671D6F1002695D9 /* libvtkIOAsynchronous-8.2.1.dylib */,
				CA02546C2671D6F2002695D9 /* libvtkIOCityGML-8.2.1.dylib */,
				CA0254912671D6F4002695D9 /* libvtkIOCore-8.2.1.dylib */,
				CA0254B52671D6F6002695D9 /* libvtkIOEnSight-8.2.1.dylib */,
				CA0254C22671D6F6002695D9 /* libvtkIOExodus-8.2.1.dylib */,
				CA0254982671D6F4002695D9 /* libvtkIOExport-8.2.1.dylib */,
				CA0254D02671D6F7002695D9 /* libvtkIOExportOpenGL2-8.2.1.dylib */,
				CA0254A82671D6F5002695D9 /* libvtkIOExportPDF-8.2.1.dylib */,
				CA0254CF2671D6F7002695D9 /* libvtkIOGeometry-8.2.1.dylib */,
				CA0254B02671D6F5002695D9 /* libvtkIOImage-8.2.1.dylib */,
				CA0254B82671D6F6002695D9 /* libvtkIOImport-8.2.1.dylib */,
				CA02548B2671D6F3002695D9 /* libvtkIOInfovis-8.2.1.dylib */,
				CA0254882671D6F3002695D9 /* libvtkIOLegacy-8.2.1.dylib */,
				CA0254942671D6F4002695D9 /* libvtkIOLSDyna-8.2.1.dylib */,
				CA0254892671D6F3002695D9 /* libvtkIOMINC-8.2.1.dylib */,
				CA0254612671D6F1002695D9 /* libvtkIOMovie-8.2.1.dylib */,
				CA0254C62671D6F7002695D9 /* libvtkIONetCDF-8.2.1.dylib */,
				CA0254C02671D6F6002695D9 /* libvtkIOParallel-8.2.1.dylib */,
				CA0254AA2671D6F5002695D9 /* libvtkIOParallelXML-8.2.1.dylib */,
				CA0254932671D6F4002695D9 /* libvtkIOPLY-8.2.1.dylib */,
				CA0254B32671D6F5002695D9 /* libvtkIOSegY-8.2.1.dylib */,
				CA0254602671D6F1002695D9 /* libvtkIOSQL-8.2.1.dylib */,
				CA0254642671D6F1002695D9 /* libvtkIOTecplotTable-8.2.1.dylib */,
				CA02549C2671D6F4002695D9 /* libvtkIOVeraOut-8.2.1.dylib */,
				CA0254812671D6F3002695D9 /* libvtkIOVideo-8.2.1.dylib */,
				CA02546D2671D6F2002695D9 /* libvtkIOXML-8.2.1.dylib */,
				CA0254C82671D6F7002695D9 /* libvtkIOXMLParser-8.2.1.dylib */,
				CA02548E2671D6F3002695D9 /* libvtkjpeg-8.2.1.dylib */,
				CA0254C72671D6F7002695D9 /* libvtkjsoncpp-8.2.1.dylib */,
				CA02549D2671D6F4002695D9 /* libvtklibharu-8.2.1.dylib */,
				CA0254972671D6F4002695D9 /* libvtklibxml2-8.2.1.dylib */,
				CA0254772671D6F2002695D9 /* libvtklz4-8.2.1.dylib */,
				CA02545E2671D6F1002695D9 /* libvtklzma-8.2.1.dylib */,
				CA0254D12671D6F7002695D9 /* libvtkmetaio-8.2.1.dylib */,
				CA0254A32671D6F4002695D9 /* libvtkNetCDF-8.2.1.dylib */,
				CA0254822671D6F3002695D9 /* libvtkogg-8.2.1.dylib */,
				CA0254AE2671D6F5002695D9 /* libvtkParallelCore-8.2.1.dylib */,
				CA0254B92671D6F6002695D9 /* libvtkpng-8.2.1.dylib */,
				CA0254CC2671D6F7002695D9 /* libvtkproj-8.2.1.dylib */,
				CA0254A22671D6F4002695D9 /* libvtkpugixml-8.2.1.dylib */,
				CA02547B2671D6F2002695D9 /* libvtkRenderingAnnotation-8.2.1.dylib */,
				CA0254D22671D6F7002695D9 /* libvtkRenderingContext2D-8.2.1.dylib */,
				CA0254AC2671D6F5002695D9 /* libvtkRenderingContextOpenGL2-8.2.1.dylib */,
				CA0254702671D6F2002695D9 /* libvtkRenderingCore-8.2.1.dylib */,
				CA0254A92671D6F5002695D9 /* libvtkRenderingFreeType-8.2.1.dylib */,
				CA0254792671D6F2002695D9 /* libvtkRenderingGL2PSOpenGL2-8.2.1.dylib */,
				CA0254BB2671D6F6002695D9 /* libvtkRenderingImage-8.2.1.dylib */,
				CA0254BC2671D6F6002695D9 /* libvtkRenderingLabel-8.2.1.dylib */,
				CA0254BD2671D6F6002695D9 /* libvtkRenderingLOD-8.2.1.dylib */,
				CA02547C2671D6F2002695D9 /* libvtkRenderingOpenGL2-8.2.1.dylib */,
				CA02547E2671D6F2002695D9 /* libvtkRenderingVolume-8.2.1.dylib */,
				CA0254AD2671D6F5002695D9 /* libvtkRenderingVolumeOpenGL2-8.2.1.dylib */,
				CA0254D32671D6F7002695D9 /* libvtksqlite-8.2.1.dylib */,
				CA0254722671D6F2002695D9 /* libvtksys-8.2.1.dylib */,
				CA0254A42671D6F4002695D9 /* libvtktheora-8.2.1.dylib */,
				CA0254682671D6F1002695D9 /* libvtktiff-8.2.1.dylib */,
				CA0254B22671D6F5002695D9 /* libvtkverdict-8.2.1.dylib */,
				CA02547D2671D6F2002695D9 /* libvtkViewsContext2D-8.2.1.dylib */,
				CA0254622671D6F1002695D9 /* libvtkViewsCore-8.2.1.dylib */,
				CA0254D52671D6F8002695D9 /* libvtkViewsInfovis-8.2.1.dylib */,
				CA0254CD2671D6F7002695D9 /* libvtkzlib-8.2.1.dylib */,
			);
			name = Frameworks;
			sourceTree = "<group>";
		};
/* End PBXGroup section */

/* Begin PBXNativeTarget section */
		CA0254512671D6C2002695D9 /* 123 */ = {
			isa = PBXNativeTarget;
			buildConfigurationList = CA0254592671D6C2002695D9 /* Build configuration list for PBXNativeTarget "123" */;
			buildPhases = (
				CA02544E2671D6C2002695D9 /* Sources */,
				CA02544F2671D6C2002695D9 /* Frameworks */,
				CA0254502671D6C2002695D9 /* Copy Files */,
			);
			buildRules = (
			);
			dependencies = (
			);
			name = 123;
			productName = 123;
			productReference = CA0254522671D6C2002695D9 /* 123 */;
			productType = "com.apple.product-type.tool";
		};
/* End PBXNativeTarget section */

/* Begin PBXProject section */
		CA02544A2671D6C2002695D9 /* Project object */ = {
			isa = PBXProject;
			attributes = {
				LastUpgradeCheck = 1250;
				TargetAttributes = {
					CA0254512671D6C2002695D9 = {
						CreatedOnToolsVersion = 12.5;
					};
				};
			};
			buildConfigurationList = CA02544D2671D6C2002695D9 /* Build configuration list for PBXProject "123" */;
			compatibilityVersion = "Xcode 9.3";
			developmentRegion = en;
			hasScannedForEncodings = 0;
			knownRegions = (
				en,
				Base,
			);
			mainGroup = CA0254492671D6C2002695D9;
			productRefGroup = CA0254532671D6C2002695D9 /* Products */;
			projectDirPath = "";
			projectRoot = "";
			targets = (
				CA0254512671D6C2002695D9 /* 123 */,
			);
		};
/* End PBXProject section */

/* Begin PBXSourcesBuildPhase section */
		CA02544E2671D6C2002695D9 /* Sources */ = {
			isa = PBXSourcesBuildPhase;
			buildActionMask = 2147483647;
			files = (
				CA0254562671D6C2002695D9 /* main.cpp in Sources */,
			);
			runOnlyForDeploymentPostprocessing = 0;
		};
/* End PBXSourcesBuildPhase section */

/* Begin XCBuildConfiguration section */
		CA0254572671D6C2002695D9 /* Debug */ = {
			isa = XCBuildConfiguration;
			buildSettings = {
				ALWAYS_SEARCH_USER_PATHS = NO;
				CLANG_ANALYZER_NONNULL = YES;
				CLANG_ANALYZER_NUMBER_OBJECT_CONVERSION = YES_AGGRESSIVE;
				CLANG_CXX_LANGUAGE_STANDARD = "gnu++14";
				CLANG_CXX_LIBRARY = "libc++";
				CLANG_ENABLE_MODULES = YES;
				CLANG_ENABLE_OBJC_ARC = YES;
				CLANG_ENABLE_OBJC_WEAK = YES;
				CLANG_WARN_BLOCK_CAPTURE_AUTORELEASING = YES;
				CLANG_WARN_BOOL_CONVERSION = YES;
				CLANG_WARN_COMMA = YES;
				CLANG_WARN_CONSTANT_CONVERSION = YES;
				CLANG_WARN_DEPRECATED_OBJC_IMPLEMENTATIONS = YES;
				CLANG_WARN_DIRECT_OBJC_ISA_USAGE = YES_ERROR;
				CLANG_WARN_DOCUMENTATION_COMMENTS = YES;
				CLANG_WARN_EMPTY_BODY = YES;
				CLANG_WARN_ENUM_CONVERSION = YES;
				CLANG_WARN_INFINITE_RECURSION = YES;
				CLANG_WARN_INT_CONVERSION = YES;
				CLANG_WARN_NON_LITERAL_NULL_CONVERSION = YES;
				CLANG_WARN_OBJC_IMPLICIT_RETAIN_SELF = YES;
				CLANG_WARN_OBJC_LITERAL_CONVERSION = YES;
				CLANG_WARN_OBJC_ROOT_CLASS = YES_ERROR;
				CLANG_WARN_QUOTED_INCLUDE_IN_FRAMEWORK_HEADER = YES;
				CLANG_WARN_RANGE_LOOP_ANALYSIS = YES;
				CLANG_WARN_STRICT_PROTOTYPES = YES;
				CLANG_WARN_SUSPICIOUS_MOVE = YES;
				CLANG_WARN_UNGUARDED_AVAILABILITY = YES_AGGRESSIVE;
				CLANG_WARN_UNREACHABLE_CODE = YES;
				CLANG_WARN__DUPLICATE_METHOD_MATCH = YES;
				COPY_PHASE_STRIP = NO;
				DEBUG_INFORMATION_FORMAT = dwarf;
				ENABLE_STRICT_OBJC_MSGSEND = YES;
				ENABLE_TESTABILITY = YES;
				GCC_C_LANGUAGE_STANDARD = gnu11;
				GCC_DYNAMIC_NO_PIC = NO;
				GCC_NO_COMMON_BLOCKS = YES;
				GCC_OPTIMIZATION_LEVEL = 0;
				GCC_PREPROCESSOR_DEFINITIONS = (
					"DEBUG=1",
					"$(inherited)",
				);
				GCC_WARN_64_TO_32_BIT_CONVERSION = YES;
				GCC_WARN_ABOUT_RETURN_TYPE = YES_ERROR;
				GCC_WARN_UNDECLARED_SELECTOR = YES;
				GCC_WARN_UNINITIALIZED_AUTOS = YES_AGGRESSIVE;
				GCC_WARN_UNUSED_FUNCTION = YES;
				GCC_WARN_UNUSED_VARIABLE = YES;
				MACOSX_DEPLOYMENT_TARGET = 11.3;
				MTL_ENABLE_DEBUG_INFO = INCLUDE_SOURCE;
				MTL_FAST_MATH = YES;
				ONLY_ACTIVE_ARCH = YES;
				SDKROOT = macosx;
			};
			name = Debug;
		};
		CA0254582671D6C2002695D9 /* Release */ = {
			isa = XCBuildConfiguration;
			buildSettings = {
				ALWAYS_SEARCH_USER_PATHS = NO;
				CLANG_ANALYZER_NONNULL = YES;
				CLANG_ANALYZER_NUMBER_OBJECT_CONVERSION = YES_AGGRESSIVE;
				CLANG_CXX_LANGUAGE_STANDARD = "gnu++14";
				CLANG_CXX_LIBRARY = "libc++";
				CLANG_ENABLE_MODULES = YES;
				CLANG_ENABLE_OBJC_ARC = YES;
				CLANG_ENABLE_OBJC_WEAK = YES;
				CLANG_WARN_BLOCK_CAPTURE_AUTORELEASING = YES;
				CLANG_WARN_BOOL_CONVERSION = YES;
				CLANG_WARN_COMMA = YES;
				CLANG_WARN_CONSTANT_CONVERSION = YES;
				CLANG_WARN_DEPRECATED_OBJC_IMPLEMENTATIONS = YES;
				CLANG_WARN_DIRECT_OBJC_ISA_USAGE = YES_ERROR;
				CLANG_WARN_DOCUMENTATION_COMMENTS = YES;
				CLANG_WARN_EMPTY_BODY = YES;
				CLANG_WARN_ENUM_CONVERSION = YES;
				CLANG_WARN_INFINITE_RECURSION = YES;
				CLANG_WARN_INT_CONVERSION = YES;
				CLANG_WARN_NON_LITERAL_NULL_CONVERSION = YES;
				CLANG_WARN_OBJC_IMPLICIT_RETAIN_SELF = YES;
				CLANG_WARN_OBJC_LITERAL_CONVERSION = YES;
				CLANG_WARN_OBJC_ROOT_CLASS = YES_ERROR;
				CLANG_WARN_QUOTED_INCLUDE_IN_FRAMEWORK_HEADER = YES;
				CLANG_WARN_RANGE_LOOP_ANALYSIS = YES;
				CLANG_WARN_STRICT_PROTOTYPES = YES;
				CLANG_WARN_SUSPICIOUS_MOVE = YES;
				CLANG_WARN_UNGUARDED_AVAILABILITY = YES_AGGRESSIVE;
				CLANG_WARN_UNREACHABLE_CODE = YES;
				CLANG_WARN__DUPLICATE_METHOD_MATCH = YES;
				COPY_PHASE_STRIP = NO;
				DEBUG_INFORMATION_FORMAT = "dwarf-with-dsym";
				ENABLE_NS_ASSERTIONS = NO;
				ENABLE_STRICT_OBJC_MSGSEND = YES;
				GCC_C_LANGUAGE_STANDARD = gnu11;
				GCC_NO_COMMON_BLOCKS = YES;
				GCC_WARN_64_TO_32_BIT_CONVERSION = YES;
				GCC_WARN_ABOUT_RETURN_TYPE = YES_ERROR;
				GCC_WARN_UNDECLARED_SELECTOR = YES;
				GCC_WARN_UNINITIALIZED_AUTOS = YES_AGGRESSIVE;
				GCC_WARN_UNUSED_FUNCTION = YES;
				GCC_WARN_UNUSED_VARIABLE = YES;
				MACOSX_DEPLOYMENT_TARGET = 11.3;
				MTL_ENABLE_DEBUG_INFO = NO;
				MTL_FAST_MATH = YES;
				SDKROOT = macosx;
			};
			name = Release;
		};
		CA02545A2671D6C2002695D9 /* Debug */ = {
			isa = XCBuildConfiguration;
			buildSettings = {
				CODE_SIGN_STYLE = Automatic;
				"HEADER_SEARCH_PATHS[arch=*]" = "/usr/local/include/vtk-8.2";
				"LIBRARY_SEARCH_PATHS[arch=*]" = "/usr/local/lib/vtk-8.2";
				LINK_WITH_STANDARD_LIBRARIES = YES;
				PRODUCT_NAME = "$(TARGET_NAME)";
			};
			name = Debug;
		};
		CA02545B2671D6C2002695D9 /* Release */ = {
			isa = XCBuildConfiguration;
			buildSettings = {
				CODE_SIGN_STYLE = Automatic;
				LINK_WITH_STANDARD_LIBRARIES = YES;
				PRODUCT_NAME = "$(TARGET_NAME)";
			};
			name = Release;
		};
/* End XCBuildConfiguration section */

/* Begin XCConfigurationList section */
		CA02544D2671D6C2002695D9 /* Build configuration list for PBXProject "123" */ = {
			isa = XCConfigurationList;
			buildConfigurations = (
				CA0254572671D6C2002695D9 /* Debug */,
				CA0254582671D6C2002695D9 /* Release */,
			);
			defaultConfigurationIsVisible = 0;
			defaultConfigurationName = Release;
		};
		CA0254592671D6C2002695D9 /* Build configuration list for PBXNativeTarget "123" */ = {
			isa = XCConfigurationList;
			buildConfigurations = (
				CA02545A2671D6C2002695D9 /* Debug */,
				CA02545B2671D6C2002695D9 /* Release */,
			);
			defaultConfigurationIsVisible = 0;
			defaultConfigurationName = Release;
		};
/* End XCConfigurationList section */
	};
	rootObject = CA02544A2671D6C2002695D9 /* Project object */;
}
